// !$*UTF8*$!
{
	archiveVersion = 1;
	classes = {
	};
	objectVersion = 55;
	objects = {

/* Begin PBXBuildFile section */
		14443F3C25EB2D9EC8B7FA6A /* Pods_Huerto_Ixcatepec.framework in Frameworks */ = {isa = PBXBuildFile; fileRef = 81661EA691A91A0935CCAF12 /* Pods_Huerto_Ixcatepec.framework */; };
		778FE3362771671A00041886 /* AppDelegate.swift in Sources */ = {isa = PBXBuildFile; fileRef = 778FE3352771671A00041886 /* AppDelegate.swift */; };
		778FE3382771671A00041886 /* SceneDelegate.swift in Sources */ = {isa = PBXBuildFile; fileRef = 778FE3372771671A00041886 /* SceneDelegate.swift */; };
		778FE33A2771671A00041886 /* ViewController.swift in Sources */ = {isa = PBXBuildFile; fileRef = 778FE3392771671A00041886 /* ViewController.swift */; };
		778FE33D2771671A00041886 /* Main.storyboard in Resources */ = {isa = PBXBuildFile; fileRef = 778FE33B2771671A00041886 /* Main.storyboard */; };
		778FE33F2771671E00041886 /* Assets.xcassets in Resources */ = {isa = PBXBuildFile; fileRef = 778FE33E2771671E00041886 /* Assets.xcassets */; };
		778FE3422771671E00041886 /* LaunchScreen.storyboard in Resources */ = {isa = PBXBuildFile; fileRef = 778FE3402771671E00041886 /* LaunchScreen.storyboard */; };
		778FE34A27716AD000041886 /* GoogleService-Info.plist in Resources */ = {isa = PBXBuildFile; fileRef = 778FE34927716AD000041886 /* GoogleService-Info.plist */; };
		77B5218B27717AD700E134AB /* ProductCollectionViewCell.swift in Sources */ = {isa = PBXBuildFile; fileRef = 77B5218A27717AD700E134AB /* ProductCollectionViewCell.swift */; };
/* End PBXBuildFile section */

/* Begin PBXFileReference section */
		211426E4B03B78A58C6B2D62 /* Pods-Huerto Ixcatepec.release.xcconfig */ = {isa = PBXFileReference; includeInIndex = 1; lastKnownFileType = text.xcconfig; name = "Pods-Huerto Ixcatepec.release.xcconfig"; path = "Target Support Files/Pods-Huerto Ixcatepec/Pods-Huerto Ixcatepec.release.xcconfig"; sourceTree = "<group>"; };
		778FE3322771671A00041886 /* Huerto Ixcatepec.app */ = {isa = PBXFileReference; explicitFileType = wrapper.application; includeInIndex = 0; path = "Huerto Ixcatepec.app"; sourceTree = BUILT_PRODUCTS_DIR; };
		778FE3352771671A00041886 /* AppDelegate.swift */ = {isa = PBXFileReference; lastKnownFileType = sourcecode.swift; path = AppDelegate.swift; sourceTree = "<group>"; };
		778FE3372771671A00041886 /* SceneDelegate.swift */ = {isa = PBXFileReference; lastKnownFileType = sourcecode.swift; path = SceneDelegate.swift; sourceTree = "<group>"; };
		778FE3392771671A00041886 /* ViewController.swift */ = {isa = PBXFileReference; lastKnownFileType = sourcecode.swift; path = ViewController.swift; sourceTree = "<group>"; };
		778FE33C2771671A00041886 /* Base */ = {isa = PBXFileReference; lastKnownFileType = file.storyboard; name = Base; path = Base.lproj/Main.storyboard; sourceTree = "<group>"; };
		778FE33E2771671E00041886 /* Assets.xcassets */ = {isa = PBXFileReference; lastKnownFileType = folder.assetcatalog; path = Assets.xcassets; sourceTree = "<group>"; };
		778FE3412771671E00041886 /* Base */ = {isa = PBXFileReference; lastKnownFileType = file.storyboard; name = Base; path = Base.lproj/LaunchScreen.storyboard; sourceTree = "<group>"; };
		778FE3432771671E00041886 /* Info.plist */ = {isa = PBXFileReference; lastKnownFileType = text.plist.xml; path = Info.plist; sourceTree = "<group>"; };
		778FE34927716AD000041886 /* GoogleService-Info.plist */ = {isa = PBXFileReference; fileEncoding = 4; lastKnownFileType = text.plist.xml; path = "GoogleService-Info.plist"; sourceTree = "<group>"; };
		77B5218A27717AD700E134AB /* ProductCollectionViewCell.swift */ = {isa = PBXFileReference; lastKnownFileType = sourcecode.swift; path = ProductCollectionViewCell.swift; sourceTree = "<group>"; };
		81661EA691A91A0935CCAF12 /* Pods_Huerto_Ixcatepec.framework */ = {isa = PBXFileReference; explicitFileType = wrapper.framework; includeInIndex = 0; path = Pods_Huerto_Ixcatepec.framework; sourceTree = BUILT_PRODUCTS_DIR; };
		DE8569AFC636FD70474EDC50 /* Pods-Huerto Ixcatepec.debug.xcconfig */ = {isa = PBXFileReference; includeInIndex = 1; lastKnownFileType = text.xcconfig; name = "Pods-Huerto Ixcatepec.debug.xcconfig"; path = "Target Support Files/Pods-Huerto Ixcatepec/Pods-Huerto Ixcatepec.debug.xcconfig"; sourceTree = "<group>"; };
/* End PBXFileReference section */

/* Begin PBXFrameworksBuildPhase section */
		778FE32F2771671A00041886 /* Frameworks */ = {
			isa = PBXFrameworksBuildPhase;
			buildActionMask = 2147483647;
			files = (
				14443F3C25EB2D9EC8B7FA6A /* Pods_Huerto_Ixcatepec.framework in Frameworks */,
			);
			runOnlyForDeploymentPostprocessing = 0;
		};
/* End PBXFrameworksBuildPhase section */

/* Begin PBXGroup section */
		512C2D3E83D6936F9BC2FB0D /* Frameworks */ = {
			isa = PBXGroup;
			children = (
				81661EA691A91A0935CCAF12 /* Pods_Huerto_Ixcatepec.framework */,
			);
			name = Frameworks;
			sourceTree = "<group>";
		};
		778FE3292771671A00041886 = {
			isa = PBXGroup;
			children = (
				778FE3342771671A00041886 /* Huerto Ixcatepec */,
				778FE3332771671A00041886 /* Products */,
				7DA0DC11C2A8BEBBA1E6E204 /* Pods */,
				512C2D3E83D6936F9BC2FB0D /* Frameworks */,
			);
			sourceTree = "<group>";
		};
		778FE3332771671A00041886 /* Products */ = {
			isa = PBXGroup;
			children = (
				778FE3322771671A00041886 /* Huerto Ixcatepec.app */,
			);
			name = Products;
			sourceTree = "<group>";
		};
		778FE3342771671A00041886 /* Huerto Ixcatepec */ = {
			isa = PBXGroup;
			children = (
				778FE3352771671A00041886 /* AppDelegate.swift */,
				778FE3372771671A00041886 /* SceneDelegate.swift */,
				778FE34927716AD000041886 /* GoogleService-Info.plist */,
				778FE3392771671A00041886 /* ViewController.swift */,
				778FE33B2771671A00041886 /* Main.storyboard */,
				778FE33E2771671E00041886 /* Assets.xcassets */,
				778FE3402771671E00041886 /* LaunchScreen.storyboard */,
				778FE3432771671E00041886 /* Info.plist */,
				77B5218A27717AD700E134AB /* ProductCollectionViewCell.swift */,
			);
			path = "Huerto Ixcatepec";
			sourceTree = "<group>";
		};
		7DA0DC11C2A8BEBBA1E6E204 /* Pods */ = {
			isa = PBXGroup;
			children = (
				DE8569AFC636FD70474EDC50 /* Pods-Huerto Ixcatepec.debug.xcconfig */,
				211426E4B03B78A58C6B2D62 /* Pods-Huerto Ixcatepec.release.xcconfig */,
			);
			path = Pods;
			sourceTree = "<group>";
		};
/* End PBXGroup section */

/* Begin PBXNativeTarget section */
		778FE3312771671A00041886 /* Huerto Ixcatepec */ = {
			isa = PBXNativeTarget;
			buildConfigurationList = 778FE3462771671E00041886 /* Build configuration list for PBXNativeTarget "Huerto Ixcatepec" */;
			buildPhases = (
				9887D036269150388AB5486D /* [CP] Check Pods Manifest.lock */,
				778FE32E2771671A00041886 /* Sources */,
				778FE32F2771671A00041886 /* Frameworks */,
				778FE3302771671A00041886 /* Resources */,
				C4092DB68A9395690D78C214 /* [CP] Embed Pods Frameworks */,
			);
			buildRules = (
			);
			dependencies = (
			);
			name = "Huerto Ixcatepec";
			productName = "Huerto Ixcatepec";
			productReference = 778FE3322771671A00041886 /* Huerto Ixcatepec.app */;
			productType = "com.apple.product-type.application";
		};
/* End PBXNativeTarget section */

/* Begin PBXProject section */
		778FE32A2771671A00041886 /* Project object */ = {
			isa = PBXProject;
			attributes = {
				BuildIndependentTargetsInParallel = 1;
				LastSwiftUpdateCheck = 1300;
				LastUpgradeCheck = 1300;
				TargetAttributes = {
					778FE3312771671A00041886 = {
						CreatedOnToolsVersion = 13.0;
					};
				};
			};
			buildConfigurationList = 778FE32D2771671A00041886 /* Build configuration list for PBXProject "Huerto Ixcatepec" */;
			compatibilityVersion = "Xcode 13.0";
			developmentRegion = en;
			hasScannedForEncodings = 0;
			knownRegions = (
				en,
				Base,
			);
			mainGroup = 778FE3292771671A00041886;
			productRefGroup = 778FE3332771671A00041886 /* Products */;
			projectDirPath = "";
			projectRoot = "";
			targets = (
				778FE3312771671A00041886 /* Huerto Ixcatepec */,
			);
		};
/* End PBXProject section */

/* Begin PBXResourcesBuildPhase section */
		778FE3302771671A00041886 /* Resources */ = {
			isa = PBXResourcesBuildPhase;
			buildActionMask = 2147483647;
			files = (
				778FE3422771671E00041886 /* LaunchScreen.storyboard in Resources */,
				778FE34A27716AD000041886 /* GoogleService-Info.plist in Resources */,
				778FE33F2771671E00041886 /* Assets.xcassets in Resources */,
				778FE33D2771671A00041886 /* Main.storyboard in Resources */,
			);
			runOnlyForDeploymentPostprocessing = 0;
		};
/* End PBXResourcesBuildPhase section */

/* Begin PBXShellScriptBuildPhase section */
		9887D036269150388AB5486D /* [CP] Check Pods Manifest.lock */ = {
			isa = PBXShellScriptBuildPhase;
			buildActionMask = 2147483647;
			files = (
			);
			inputFileListPaths = (
			);
			inputPaths = (
				"${PODS_PODFILE_DIR_PATH}/Podfile.lock",
				"${PODS_ROOT}/Manifest.lock",
			);
			name = "[CP] Check Pods Manifest.lock";
			outputFileListPaths = (
			);
			outputPaths = (
				"$(DERIVED_FILE_DIR)/Pods-Huerto Ixcatepec-checkManifestLockResult.txt",
			);
			runOnlyForDeploymentPostprocessing = 0;
			shellPath = /bin/sh;
			shellScript = "diff \"${PODS_PODFILE_DIR_PATH}/Podfile.lock\" \"${PODS_ROOT}/Manifest.lock\" > /dev/null\nif [ $? != 0 ] ; then\n    # print error to STDERR\n    echo \"error: The sandbox is not in sync with the Podfile.lock. Run 'pod install' or update your CocoaPods installation.\" >&2\n    exit 1\nfi\n# This output is used by Xcode 'outputs' to avoid re-running this script phase.\necho \"SUCCESS\" > \"${SCRIPT_OUTPUT_FILE_0}\"\n";
			showEnvVarsInLog = 0;
		};
		C4092DB68A9395690D78C214 /* [CP] Embed Pods Frameworks */ = {
			isa = PBXShellScriptBuildPhase;
			buildActionMask = 2147483647;
			files = (
			);
			inputFileListPaths = (
				"${PODS_ROOT}/Target Support Files/Pods-Huerto Ixcatepec/Pods-Huerto Ixcatepec-frameworks-${CONFIGURATION}-input-files.xcfilelist",
			);
			name = "[CP] Embed Pods Frameworks";
			outputFileListPaths = (
				"${PODS_ROOT}/Target Support Files/Pods-Huerto Ixcatepec/Pods-Huerto Ixcatepec-frameworks-${CONFIGURATION}-output-files.xcfilelist",
			);
			runOnlyForDeploymentPostprocessing = 0;
			shellPath = /bin/sh;
			shellScript = "\"${PODS_ROOT}/Target Support Files/Pods-Huerto Ixcatepec/Pods-Huerto Ixcatepec-frameworks.sh\"\n";
			showEnvVarsInLog = 0;
		};
/* End PBXShellScriptBuildPhase section */

/* Begin PBXSourcesBuildPhase section */
		778FE32E2771671A00041886 /* Sources */ = {
			isa = PBXSourcesBuildPhase;
			buildActionMask = 2147483647;
			files = (
				778FE33A2771671A00041886 /* ViewController.swift in Sources */,
				778FE3362771671A00041886 /* AppDelegate.swift in Sources */,
				77B5218B27717AD700E134AB /* ProductCollectionViewCell.swift in Sources */,
				778FE3382771671A00041886 /* SceneDelegate.swift in Sources */,
			);
			runOnlyForDeploymentPostprocessing = 0;
		};
/* End PBXSourcesBuildPhase section */

/* Begin PBXVariantGroup section */
		778FE33B2771671A00041886 /* Main.storyboard */ = {
			isa = PBXVariantGroup;
			children = (
				778FE33C2771671A00041886 /* Base */,
			);
			name = Main.storyboard;
			sourceTree = "<group>";
		};
		778FE3402771671E00041886 /* LaunchScreen.storyboard */ = {
			isa = PBXVariantGroup;
			children = (
				778FE3412771671E00041886 /* Base */,
			);
			name = LaunchScreen.storyboard;
			sourceTree = "<group>";
		};
/* End PBXVariantGroup section */

/* Begin XCBuildConfiguration section */
		778FE3442771671E00041886 /* Debug */ = {
			isa = XCBuildConfiguration;
			buildSettings = {
				ALWAYS_SEARCH_USER_PATHS = NO;
				CLANG_ANALYZER_NONNULL = YES;
				CLANG_ANALYZER_NUMBER_OBJECT_CONVERSION = YES_AGGRESSIVE;
				CLANG_CXX_LANGUAGE_STANDARD = "gnu++17";
				CLANG_CXX_LIBRARY = "libc++";
				CLANG_ENABLE_MODULES = YES;
				CLANG_ENABLE_OBJC_ARC = YES;
				CLANG_ENABLE_OBJC_WEAK = YES;
				CLANG_WARN_BLOCK_CAPTURE_AUTORELEASING = YES;
				CLANG_WARN_BOOL_CONVERSION = YES;
				CLANG_WARN_COMMA = YES;
				CLANG_WARN_CONSTANT_CONVERSION = YES;
				CLANG_WARN_DEPRECATED_OBJC_IMPLEMENTATIONS = YES;
				CLANG_WARN_DIRECT_OBJC_ISA_USAGE = YES_ERROR;
				CLANG_WARN_DOCUMENTATION_COMMENTS = YES;
				CLANG_WARN_EMPTY_BODY = YES;
				CLANG_WARN_ENUM_CONVERSION = YES;
				CLANG_WARN_INFINITE_RECURSION = YES;
				CLANG_WARN_INT_CONVERSION = YES;
				CLANG_WARN_NON_LITERAL_NULL_CONVERSION = YES;
				CLANG_WARN_OBJC_IMPLICIT_RETAIN_SELF = YES;
				CLANG_WARN_OBJC_LITERAL_CONVERSION = YES;
				CLANG_WARN_OBJC_ROOT_CLASS = YES_ERROR;
				CLANG_WARN_QUOTED_INCLUDE_IN_FRAMEWORK_HEADER = YES;
				CLANG_WARN_RANGE_LOOP_ANALYSIS = YES;
				CLANG_WARN_STRICT_PROTOTYPES = YES;
				CLANG_WARN_SUSPICIOUS_MOVE = YES;
				CLANG_WARN_UNGUARDED_AVAILABILITY = YES_AGGRESSIVE;
				CLANG_WARN_UNREACHABLE_CODE = YES;
				CLANG_WARN__DUPLICATE_METHOD_MATCH = YES;
				COPY_PHASE_STRIP = NO;
				DEBUG_INFORMATION_FORMAT = dwarf;
				ENABLE_STRICT_OBJC_MSGSEND = YES;
				ENABLE_TESTABILITY = YES;
				GCC_C_LANGUAGE_STANDARD = gnu11;
				GCC_DYNAMIC_NO_PIC = NO;
				GCC_NO_COMMON_BLOCKS = YES;
				GCC_OPTIMIZATION_LEVEL = 0;
				GCC_PREPROCESSOR_DEFINITIONS = (
					"DEBUG=1",
					"$(inherited)",
				);
				GCC_WARN_64_TO_32_BIT_CONVERSION = YES;
				GCC_WARN_ABOUT_RETURN_TYPE = YES_ERROR;
				GCC_WARN_UNDECLARED_SELECTOR = YES;
				GCC_WARN_UNINITIALIZED_AUTOS = YES_AGGRESSIVE;
				GCC_WARN_UNUSED_FUNCTION = YES;
				GCC_WARN_UNUSED_VARIABLE = YES;
				IPHONEOS_DEPLOYMENT_TARGET = 15.0;
				MTL_ENABLE_DEBUG_INFO = INCLUDE_SOURCE;
				MTL_FAST_MATH = YES;
				ONLY_ACTIVE_ARCH = YES;
				SDKROOT = iphoneos;
				SWIFT_ACTIVE_COMPILATION_CONDITIONS = DEBUG;
				SWIFT_OPTIMIZATION_LEVEL = "-Onone";
			};
			name = Debug;
		};
		778FE3452771671E00041886 /* Release */ = {
			isa = XCBuildConfiguration;
			buildSettings = {
				ALWAYS_SEARCH_USER_PATHS = NO;
				CLANG_ANALYZER_NONNULL = YES;
				CLANG_ANALYZER_NUMBER_OBJECT_CONVERSION = YES_AGGRESSIVE;
				CLANG_CXX_LANGUAGE_STANDARD = "gnu++17";
				CLANG_CXX_LIBRARY = "libc++";
				CLANG_ENABLE_MODULES = YES;
				CLANG_ENABLE_OBJC_ARC = YES;
				CLANG_ENABLE_OBJC_WEAK = YES;
				CLANG_WARN_BLOCK_CAPTURE_AUTORELEASING = YES;
				CLANG_WARN_BOOL_CONVERSION = YES;
				CLANG_WARN_COMMA = YES;
				CLANG_WARN_CONSTANT_CONVERSION = YES;
				CLANG_WARN_DEPRECATED_OBJC_IMPLEMENTATIONS = YES;
				CLANG_WARN_DIRECT_OBJC_ISA_USAGE = YES_ERROR;
				CLANG_WARN_DOCUMENTATION_COMMENTS = YES;
				CLANG_WARN_EMPTY_BODY = YES;
				CLANG_WARN_ENUM_CONVERSION = YES;
				CLANG_WARN_INFINITE_RECURSION = YES;
				CLANG_WARN_INT_CONVERSION = YES;
				CLANG_WARN_NON_LITERAL_NULL_CONVERSION = YES;
				CLANG_WARN_OBJC_IMPLICIT_RETAIN_SELF = YES;
				CLANG_WARN_OBJC_LITERAL_CONVERSION = YES;
				CLANG_WARN_OBJC_ROOT_CLASS = YES_ERROR;
				CLANG_WARN_QUOTED_INCLUDE_IN_FRAMEWORK_HEADER = YES;
				CLANG_WARN_RANGE_LOOP_ANALYSIS = YES;
				CLANG_WARN_STRICT_PROTOTYPES = YES;
				CLANG_WARN_SUSPICIOUS_MOVE = YES;
				CLANG_WARN_UNGUARDED_AVAILABILITY = YES_AGGRESSIVE;
				CLANG_WARN_UNREACHABLE_CODE = YES;
				CLANG_WARN__DUPLICATE_METHOD_MATCH = YES;
				COPY_PHASE_STRIP = NO;
				DEBUG_INFORMATION_FORMAT = "dwarf-with-dsym";
				ENABLE_NS_ASSERTIONS = NO;
				ENABLE_STRICT_OBJC_MSGSEND = YES;
				GCC_C_LANGUAGE_STANDARD = gnu11;
				GCC_NO_COMMON_BLOCKS = YES;
				GCC_WARN_64_TO_32_BIT_CONVERSION = YES;
				GCC_WARN_ABOUT_RETURN_TYPE = YES_ERROR;
				GCC_WARN_UNDECLARED_SELECTOR = YES;
				GCC_WARN_UNINITIALIZED_AUTOS = YES_AGGRESSIVE;
				GCC_WARN_UNUSED_FUNCTION = YES;
				GCC_WARN_UNUSED_VARIABLE = YES;
				IPHONEOS_DEPLOYMENT_TARGET = 15.0;
				MTL_ENABLE_DEBUG_INFO = NO;
				MTL_FAST_MATH = YES;
				SDKROOT = iphoneos;
				SWIFT_COMPILATION_MODE = wholemodule;
				SWIFT_OPTIMIZATION_LEVEL = "-O";
				VALIDATE_PRODUCT = YES;
			};
			name = Release;
		};
		778FE3472771671E00041886 /* Debug */ = {
			isa = XCBuildConfiguration;
			baseConfigurationReference = DE8569AFC636FD70474EDC50 /* Pods-Huerto Ixcatepec.debug.xcconfig */;
			buildSettings = {
				ASSETCATALOG_COMPILER_APPICON_NAME = AppIcon;
				ASSETCATALOG_COMPILER_GLOBAL_ACCENT_COLOR_NAME = AccentColor;
				CODE_SIGN_STYLE = Automatic;
				CURRENT_PROJECT_VERSION = 1;
				DEVELOPMENT_TEAM = H46GZ2RY2C;
				GENERATE_INFOPLIST_FILE = YES;
				INFOPLIST_FILE = "Huerto Ixcatepec/Info.plist";
				INFOPLIST_KEY_UIApplicationSupportsIndirectInputEvents = YES;
				INFOPLIST_KEY_UILaunchStoryboardName = LaunchScreen;
				INFOPLIST_KEY_UIMainStoryboardFile = Main;
				INFOPLIST_KEY_UISupportedInterfaceOrientations_iPad = "UIInterfaceOrientationPortrait UIInterfaceOrientationPortraitUpsideDown UIInterfaceOrientationLandscapeLeft UIInterfaceOrientationLandscapeRight";
				INFOPLIST_KEY_UISupportedInterfaceOrientations_iPhone = "UIInterfaceOrientationPortrait UIInterfaceOrientationLandscapeLeft UIInterfaceOrientationLandscapeRight";
				LD_RUNPATH_SEARCH_PATHS = (
					"$(inherited)",
					"@executable_path/Frameworks",
				);
				MARKETING_VERSION = 1.0;
				PRODUCT_BUNDLE_IDENTIFIER = "com.ita.Huerto-Ixcatepec";
				PRODUCT_NAME = "$(TARGET_NAME)";
				SWIFT_EMIT_LOC_STRINGS = YES;
				SWIFT_VERSION = 5.0;
				TARGETED_DEVICE_FAMILY = "1,2";
			};
			name = Debug;
		};
		778FE3482771671E00041886 /* Release */ = {
			isa = XCBuildConfiguration;
			baseConfigurationReference = 211426E4B03B78A58C6B2D62 /* Pods-Huerto Ixcatepec.release.xcconfig */;
			buildSettings = {
				ASSETCATALOG_COMPILER_APPICON_NAME = AppIcon;
				ASSETCATALOG_COMPILER_GLOBAL_ACCENT_COLOR_NAME = AccentColor;
				CODE_SIGN_STYLE = Automatic;
				CURRENT_PROJECT_VERSION = 1;
				DEVELOPMENT_TEAM = H46GZ2RY2C;
				GENERATE_INFOPLIST_FILE = YES;
				INFOPLIST_FILE = "Huerto Ixcatepec/Info.plist";
				INFOPLIST_KEY_UIApplicationSupportsIndirectInputEvents = YES;
				INFOPLIST_KEY_UILaunchStoryboardName = LaunchScreen;
				INFOPLIST_KEY_UIMainStoryboardFile = Main;
				INFOPLIST_KEY_UISupportedInterfaceOrientations_iPad = "UIInterfaceOrientationPortrait UIInterfaceOrientationPortraitUpsideDown UIInterfaceOrientationLandscapeLeft UIInterfaceOrientationLandscapeRight";
				INFOPLIST_KEY_UISupportedInterfaceOrientations_iPhone = "UIInterfaceOrientationPortrait UIInterfaceOrientationLandscapeLeft UIInterfaceOrientationLandscapeRight";
				LD_RUNPATH_SEARCH_PATHS = (
					"$(inherited)",
					"@executable_path/Frameworks",
				);
				MARKETING_VERSION = 1.0;
				PRODUCT_BUNDLE_IDENTIFIER = "com.ita.Huerto-Ixcatepec";
				PRODUCT_NAME = "$(TARGET_NAME)";
				SWIFT_EMIT_LOC_STRINGS = YES;
				SWIFT_VERSION = 5.0;
				TARGETED_DEVICE_FAMILY = "1,2";
			};
			name = Release;
		};
/* End XCBuildConfiguration section */

/* Begin XCConfigurationList section */
		778FE32D2771671A00041886 /* Build configuration list for PBXProject "Huerto Ixcatepec" */ = {
			isa = XCConfigurationList;
			buildConfigurations = (
				778FE3442771671E00041886 /* Debug */,
				778FE3452771671E00041886 /* Release */,
			);
			defaultConfigurationIsVisible = 0;
			defaultConfigurationName = Release;
		};
		778FE3462771671E00041886 /* Build configuration list for PBXNativeTarget "Huerto Ixcatepec" */ = {
			isa = XCConfigurationList;
			buildConfigurations = (
				778FE3472771671E00041886 /* Debug */,
				778FE3482771671E00041886 /* Release */,
			);
			defaultConfigurationIsVisible = 0;
			defaultConfigurationName = Release;
		};
/* End XCConfigurationList section */
	};
	rootObject = 778FE32A2771671A00041886 /* Project object */;
}
