// !$*UTF8*$!
{
	archiveVersion = 1;
	classes = {
	};
	objectVersion = 55;
	objects = {

/* Begin PBXBuildFile section */
		77E30C60272B8E7900A88731 /* AppDelegate.swift in Sources */ = {isa = PBXBuildFile; fileRef = 77E30C5F272B8E7900A88731 /* AppDelegate.swift */; };
		77E30C62272B8E7900A88731 /* SceneDelegate.swift in Sources */ = {isa = PBXBuildFile; fileRef = 77E30C61272B8E7900A88731 /* SceneDelegate.swift */; };
		77E30C64272B8E7900A88731 /* ViewController.swift in Sources */ = {isa = PBXBuildFile; fileRef = 77E30C63272B8E7900A88731 /* ViewController.swift */; };
		77E30C67272B8E7900A88731 /* Main.storyboard in Resources */ = {isa = PBXBuildFile; fileRef = 77E30C65272B8E7900A88731 /* Main.storyboard */; };
		77E30C69272B8E7C00A88731 /* Assets.xcassets in Resources */ = {isa = PBXBuildFile; fileRef = 77E30C68272B8E7C00A88731 /* Assets.xcassets */; };
		77E30C6C272B8E7C00A88731 /* LaunchScreen.storyboard in Resources */ = {isa = PBXBuildFile; fileRef = 77E30C6A272B8E7C00A88731 /* LaunchScreen.storyboard */; };
		77E5E5892730D78000E90334 /* UITextFieldCustom.swift in Sources */ = {isa = PBXBuildFile; fileRef = 77E5E5882730D78000E90334 /* UITextFieldCustom.swift */; };
		77E5E58D2730DAB700E90334 /* TypeTextFiel.swift in Sources */ = {isa = PBXBuildFile; fileRef = 77E5E58C2730DAB700E90334 /* TypeTextFiel.swift */; };
		77E5E5922730DE0200E90334 /* SignUpViewController.swift in Sources */ = {isa = PBXBuildFile; fileRef = 77E5E5912730DE0200E90334 /* SignUpViewController.swift */; };
/* End PBXBuildFile section */

/* Begin PBXFileReference section */
		77E30C5C272B8E7900A88731 /* ImageViewFlow.app */ = {isa = PBXFileReference; explicitFileType = wrapper.application; includeInIndex = 0; path = ImageViewFlow.app; sourceTree = BUILT_PRODUCTS_DIR; };
		77E30C5F272B8E7900A88731 /* AppDelegate.swift */ = {isa = PBXFileReference; lastKnownFileType = sourcecode.swift; path = AppDelegate.swift; sourceTree = "<group>"; };
		77E30C61272B8E7900A88731 /* SceneDelegate.swift */ = {isa = PBXFileReference; lastKnownFileType = sourcecode.swift; path = SceneDelegate.swift; sourceTree = "<group>"; };
		77E30C63272B8E7900A88731 /* ViewController.swift */ = {isa = PBXFileReference; lastKnownFileType = sourcecode.swift; path = ViewController.swift; sourceTree = "<group>"; };
		77E30C66272B8E7900A88731 /* Base */ = {isa = PBXFileReference; lastKnownFileType = file.storyboard; name = Base; path = Base.lproj/Main.storyboard; sourceTree = "<group>"; };
		77E30C68272B8E7C00A88731 /* Assets.xcassets */ = {isa = PBXFileReference; lastKnownFileType = folder.assetcatalog; path = Assets.xcassets; sourceTree = "<group>"; };
		77E30C6B272B8E7C00A88731 /* Base */ = {isa = PBXFileReference; lastKnownFileType = file.storyboard; name = Base; path = Base.lproj/LaunchScreen.storyboard; sourceTree = "<group>"; };
		77E30C6D272B8E7C00A88731 /* Info.plist */ = {isa = PBXFileReference; lastKnownFileType = text.plist.xml; path = Info.plist; sourceTree = "<group>"; };
		77E5E5882730D78000E90334 /* UITextFieldCustom.swift */ = {isa = PBXFileReference; lastKnownFileType = sourcecode.swift; path = UITextFieldCustom.swift; sourceTree = "<group>"; };
		77E5E58C2730DAB700E90334 /* TypeTextFiel.swift */ = {isa = PBXFileReference; lastKnownFileType = sourcecode.swift; path = TypeTextFiel.swift; sourceTree = "<group>"; };
		77E5E5912730DE0200E90334 /* SignUpViewController.swift */ = {isa = PBXFileReference; lastKnownFileType = sourcecode.swift; path = SignUpViewController.swift; sourceTree = "<group>"; };
/* End PBXFileReference section */

/* Begin PBXFrameworksBuildPhase section */
		77E30C59272B8E7900A88731 /* Frameworks */ = {
			isa = PBXFrameworksBuildPhase;
			buildActionMask = 2147483647;
			files = (
			);
			runOnlyForDeploymentPostprocessing = 0;
		};
/* End PBXFrameworksBuildPhase section */

/* Begin PBXGroup section */
		77E30C53272B8E7900A88731 = {
			isa = PBXGroup;
			children = (
				77E30C5E272B8E7900A88731 /* ImageViewFlow */,
				77E30C5D272B8E7900A88731 /* Products */,
			);
			sourceTree = "<group>";
		};
		77E30C5D272B8E7900A88731 /* Products */ = {
			isa = PBXGroup;
			children = (
				77E30C5C272B8E7900A88731 /* ImageViewFlow.app */,
			);
			name = Products;
			sourceTree = "<group>";
		};
		77E30C5E272B8E7900A88731 /* ImageViewFlow */ = {
			isa = PBXGroup;
			children = (
				77E5E58E2730DADD00E90334 /* UIComponents */,
				77E30C5F272B8E7900A88731 /* AppDelegate.swift */,
				77E30C61272B8E7900A88731 /* SceneDelegate.swift */,
				77E30C63272B8E7900A88731 /* ViewController.swift */,
				77E30C65272B8E7900A88731 /* Main.storyboard */,
				77E30C68272B8E7C00A88731 /* Assets.xcassets */,
				77E30C6A272B8E7C00A88731 /* LaunchScreen.storyboard */,
				77E30C6D272B8E7C00A88731 /* Info.plist */,
				77E5E5912730DE0200E90334 /* SignUpViewController.swift */,
			);
			path = ImageViewFlow;
			sourceTree = "<group>";
		};
		77E5E58E2730DADD00E90334 /* UIComponents */ = {
			isa = PBXGroup;
			children = (
				77E5E5902730DB1100E90334 /* CustomLabel */,
				77E5E58F2730DB0100E90334 /* CustomTextField */,
			);
			path = UIComponents;
			sourceTree = "<group>";
		};
		77E5E58F2730DB0100E90334 /* CustomTextField */ = {
			isa = PBXGroup;
			children = (
				77E5E5882730D78000E90334 /* UITextFieldCustom.swift */,
				77E5E58C2730DAB700E90334 /* TypeTextFiel.swift */,
			);
			path = CustomTextField;
			sourceTree = "<group>";
		};
		77E5E5902730DB1100E90334 /* CustomLabel */ = {
			isa = PBXGroup;
			children = (
			);
			path = CustomLabel;
			sourceTree = "<group>";
		};
/* End PBXGroup section */

/* Begin PBXNativeTarget section */
		77E30C5B272B8E7900A88731 /* ImageViewFlow */ = {
			isa = PBXNativeTarget;
			buildConfigurationList = 77E30C70272B8E7C00A88731 /* Build configuration list for PBXNativeTarget "ImageViewFlow" */;
			buildPhases = (
				77E30C58272B8E7900A88731 /* Sources */,
				77E30C59272B8E7900A88731 /* Frameworks */,
				77E30C5A272B8E7900A88731 /* Resources */,
			);
			buildRules = (
			);
			dependencies = (
			);
			name = ImageViewFlow;
			productName = ImageViewFlow;
			productReference = 77E30C5C272B8E7900A88731 /* ImageViewFlow.app */;
			productType = "com.apple.product-type.application";
		};
/* End PBXNativeTarget section */

/* Begin PBXProject section */
		77E30C54272B8E7900A88731 /* Project object */ = {
			isa = PBXProject;
			attributes = {
				BuildIndependentTargetsInParallel = 1;
				LastSwiftUpdateCheck = 1300;
				LastUpgradeCheck = 1300;
				TargetAttributes = {
					77E30C5B272B8E7900A88731 = {
						CreatedOnToolsVersion = 13.0;
					};
				};
			};
			buildConfigurationList = 77E30C57272B8E7900A88731 /* Build configuration list for PBXProject "ImageViewFlow" */;
			compatibilityVersion = "Xcode 13.0";
			developmentRegion = en;
			hasScannedForEncodings = 0;
			knownRegions = (
				en,
				Base,
			);
			mainGroup = 77E30C53272B8E7900A88731;
			productRefGroup = 77E30C5D272B8E7900A88731 /* Products */;
			projectDirPath = "";
			projectRoot = "";
			targets = (
				77E30C5B272B8E7900A88731 /* ImageViewFlow */,
			);
		};
/* End PBXProject section */

/* Begin PBXResourcesBuildPhase section */
		77E30C5A272B8E7900A88731 /* Resources */ = {
			isa = PBXResourcesBuildPhase;
			buildActionMask = 2147483647;
			files = (
				77E30C6C272B8E7C00A88731 /* LaunchScreen.storyboard in Resources */,
				77E30C69272B8E7C00A88731 /* Assets.xcassets in Resources */,
				77E30C67272B8E7900A88731 /* Main.storyboard in Resources */,
			);
			runOnlyForDeploymentPostprocessing = 0;
		};
/* End PBXResourcesBuildPhase section */

/* Begin PBXSourcesBuildPhase section */
		77E30C58272B8E7900A88731 /* Sources */ = {
			isa = PBXSourcesBuildPhase;
			buildActionMask = 2147483647;
			files = (
				77E5E5922730DE0200E90334 /* SignUpViewController.swift in Sources */,
				77E5E5892730D78000E90334 /* UITextFieldCustom.swift in Sources */,
				77E5E58D2730DAB700E90334 /* TypeTextFiel.swift in Sources */,
				77E30C64272B8E7900A88731 /* ViewController.swift in Sources */,
				77E30C60272B8E7900A88731 /* AppDelegate.swift in Sources */,
				77E30C62272B8E7900A88731 /* SceneDelegate.swift in Sources */,
			);
			runOnlyForDeploymentPostprocessing = 0;
		};
/* End PBXSourcesBuildPhase section */

/* Begin PBXVariantGroup section */
		77E30C65272B8E7900A88731 /* Main.storyboard */ = {
			isa = PBXVariantGroup;
			children = (
				77E30C66272B8E7900A88731 /* Base */,
			);
			name = Main.storyboard;
			sourceTree = "<group>";
		};
		77E30C6A272B8E7C00A88731 /* LaunchScreen.storyboard */ = {
			isa = PBXVariantGroup;
			children = (
				77E30C6B272B8E7C00A88731 /* Base */,
			);
			name = LaunchScreen.storyboard;
			sourceTree = "<group>";
		};
/* End PBXVariantGroup section */

/* Begin XCBuildConfiguration section */
		77E30C6E272B8E7C00A88731 /* Debug */ = {
			isa = XCBuildConfiguration;
			buildSettings = {
				ALWAYS_SEARCH_USER_PATHS = NO;
				CLANG_ANALYZER_NONNULL = YES;
				CLANG_ANALYZER_NUMBER_OBJECT_CONVERSION = YES_AGGRESSIVE;
				CLANG_CXX_LANGUAGE_STANDARD = "gnu++17";
				CLANG_CXX_LIBRARY = "libc++";
				CLANG_ENABLE_MODULES = YES;
				CLANG_ENABLE_OBJC_ARC = YES;
				CLANG_ENABLE_OBJC_WEAK = YES;
				CLANG_WARN_BLOCK_CAPTURE_AUTORELEASING = YES;
				CLANG_WARN_BOOL_CONVERSION = YES;
				CLANG_WARN_COMMA = YES;
				CLANG_WARN_CONSTANT_CONVERSION = YES;
				CLANG_WARN_DEPRECATED_OBJC_IMPLEMENTATIONS = YES;
				CLANG_WARN_DIRECT_OBJC_ISA_USAGE = YES_ERROR;
				CLANG_WARN_DOCUMENTATION_COMMENTS = YES;
				CLANG_WARN_EMPTY_BODY = YES;
				CLANG_WARN_ENUM_CONVERSION = YES;
				CLANG_WARN_INFINITE_RECURSION = YES;
				CLANG_WARN_INT_CONVERSION = YES;
				CLANG_WARN_NON_LITERAL_NULL_CONVERSION = YES;
				CLANG_WARN_OBJC_IMPLICIT_RETAIN_SELF = YES;
				CLANG_WARN_OBJC_LITERAL_CONVERSION = YES;
				CLANG_WARN_OBJC_ROOT_CLASS = YES_ERROR;
				CLANG_WARN_QUOTED_INCLUDE_IN_FRAMEWORK_HEADER = YES;
				CLANG_WARN_RANGE_LOOP_ANALYSIS = YES;
				CLANG_WARN_STRICT_PROTOTYPES = YES;
				CLANG_WARN_SUSPICIOUS_MOVE = YES;
				CLANG_WARN_UNGUARDED_AVAILABILITY = YES_AGGRESSIVE;
				CLANG_WARN_UNREACHABLE_CODE = YES;
				CLANG_WARN__DUPLICATE_METHOD_MATCH = YES;
				COPY_PHASE_STRIP = NO;
				DEBUG_INFORMATION_FORMAT = dwarf;
				ENABLE_STRICT_OBJC_MSGSEND = YES;
				ENABLE_TESTABILITY = YES;
				GCC_C_LANGUAGE_STANDARD = gnu11;
				GCC_DYNAMIC_NO_PIC = NO;
				GCC_NO_COMMON_BLOCKS = YES;
				GCC_OPTIMIZATION_LEVEL = 0;
				GCC_PREPROCESSOR_DEFINITIONS = (
					"DEBUG=1",
					"$(inherited)",
				);
				GCC_WARN_64_TO_32_BIT_CONVERSION = YES;
				GCC_WARN_ABOUT_RETURN_TYPE = YES_ERROR;
				GCC_WARN_UNDECLARED_SELECTOR = YES;
				GCC_WARN_UNINITIALIZED_AUTOS = YES_AGGRESSIVE;
				GCC_WARN_UNUSED_FUNCTION = YES;
				GCC_WARN_UNUSED_VARIABLE = YES;
				IPHONEOS_DEPLOYMENT_TARGET = 15.0;
				MTL_ENABLE_DEBUG_INFO = INCLUDE_SOURCE;
				MTL_FAST_MATH = YES;
				ONLY_ACTIVE_ARCH = YES;
				SDKROOT = iphoneos;
				SWIFT_ACTIVE_COMPILATION_CONDITIONS = DEBUG;
				SWIFT_OPTIMIZATION_LEVEL = "-Onone";
			};
			name = Debug;
		};
		77E30C6F272B8E7C00A88731 /* Release */ = {
			isa = XCBuildConfiguration;
			buildSettings = {
				ALWAYS_SEARCH_USER_PATHS = NO;
				CLANG_ANALYZER_NONNULL = YES;
				CLANG_ANALYZER_NUMBER_OBJECT_CONVERSION = YES_AGGRESSIVE;
				CLANG_CXX_LANGUAGE_STANDARD = "gnu++17";
				CLANG_CXX_LIBRARY = "libc++";
				CLANG_ENABLE_MODULES = YES;
				CLANG_ENABLE_OBJC_ARC = YES;
				CLANG_ENABLE_OBJC_WEAK = YES;
				CLANG_WARN_BLOCK_CAPTURE_AUTORELEASING = YES;
				CLANG_WARN_BOOL_CONVERSION = YES;
				CLANG_WARN_COMMA = YES;
				CLANG_WARN_CONSTANT_CONVERSION = YES;
				CLANG_WARN_DEPRECATED_OBJC_IMPLEMENTATIONS = YES;
				CLANG_WARN_DIRECT_OBJC_ISA_USAGE = YES_ERROR;
				CLANG_WARN_DOCUMENTATION_COMMENTS = YES;
				CLANG_WARN_EMPTY_BODY = YES;
				CLANG_WARN_ENUM_CONVERSION = YES;
				CLANG_WARN_INFINITE_RECURSION = YES;
				CLANG_WARN_INT_CONVERSION = YES;
				CLANG_WARN_NON_LITERAL_NULL_CONVERSION = YES;
				CLANG_WARN_OBJC_IMPLICIT_RETAIN_SELF = YES;
				CLANG_WARN_OBJC_LITERAL_CONVERSION = YES;
				CLANG_WARN_OBJC_ROOT_CLASS = YES_ERROR;
				CLANG_WARN_QUOTED_INCLUDE_IN_FRAMEWORK_HEADER = YES;
				CLANG_WARN_RANGE_LOOP_ANALYSIS = YES;
				CLANG_WARN_STRICT_PROTOTYPES = YES;
				CLANG_WARN_SUSPICIOUS_MOVE = YES;
				CLANG_WARN_UNGUARDED_AVAILABILITY = YES_AGGRESSIVE;
				CLANG_WARN_UNREACHABLE_CODE = YES;
				CLANG_WARN__DUPLICATE_METHOD_MATCH = YES;
				COPY_PHASE_STRIP = NO;
				DEBUG_INFORMATION_FORMAT = "dwarf-with-dsym";
				ENABLE_NS_ASSERTIONS = NO;
				ENABLE_STRICT_OBJC_MSGSEND = YES;
				GCC_C_LANGUAGE_STANDARD = gnu11;
				GCC_NO_COMMON_BLOCKS = YES;
				GCC_WARN_64_TO_32_BIT_CONVERSION = YES;
				GCC_WARN_ABOUT_RETURN_TYPE = YES_ERROR;
				GCC_WARN_UNDECLARED_SELECTOR = YES;
				GCC_WARN_UNINITIALIZED_AUTOS = YES_AGGRESSIVE;
				GCC_WARN_UNUSED_FUNCTION = YES;
				GCC_WARN_UNUSED_VARIABLE = YES;
				IPHONEOS_DEPLOYMENT_TARGET = 15.0;
				MTL_ENABLE_DEBUG_INFO = NO;
				MTL_FAST_MATH = YES;
				SDKROOT = iphoneos;
				SWIFT_COMPILATION_MODE = wholemodule;
				SWIFT_OPTIMIZATION_LEVEL = "-O";
				VALIDATE_PRODUCT = YES;
			};
			name = Release;
		};
		77E30C71272B8E7C00A88731 /* Debug */ = {
			isa = XCBuildConfiguration;
			buildSettings = {
				ASSETCATALOG_COMPILER_APPICON_NAME = AppIcon;
				ASSETCATALOG_COMPILER_GLOBAL_ACCENT_COLOR_NAME = AccentColor;
				CODE_SIGN_STYLE = Automatic;
				CURRENT_PROJECT_VERSION = 1;
				GENERATE_INFOPLIST_FILE = YES;
				INFOPLIST_FILE = ImageViewFlow/Info.plist;
				INFOPLIST_KEY_UIApplicationSupportsIndirectInputEvents = YES;
				INFOPLIST_KEY_UILaunchStoryboardName = LaunchScreen;
				INFOPLIST_KEY_UIMainStoryboardFile = Main;
				INFOPLIST_KEY_UISupportedInterfaceOrientations_iPad = "UIInterfaceOrientationPortrait UIInterfaceOrientationPortraitUpsideDown UIInterfaceOrientationLandscapeLeft UIInterfaceOrientationLandscapeRight";
				INFOPLIST_KEY_UISupportedInterfaceOrientations_iPhone = "UIInterfaceOrientationPortrait UIInterfaceOrientationLandscapeLeft UIInterfaceOrientationLandscapeRight";
				LD_RUNPATH_SEARCH_PATHS = (
					"$(inherited)",
					"@executable_path/Frameworks",
				);
				MARKETING_VERSION = 1.0;
				PRODUCT_BUNDLE_IDENTIFIER = com.ita.ImageViewFlow;
				PRODUCT_NAME = "$(TARGET_NAME)";
				SWIFT_EMIT_LOC_STRINGS = YES;
				SWIFT_VERSION = 5.0;
				TARGETED_DEVICE_FAMILY = "1,2";
			};
			name = Debug;
		};
		77E30C72272B8E7C00A88731 /* Release */ = {
			isa = XCBuildConfiguration;
			buildSettings = {
				ASSETCATALOG_COMPILER_APPICON_NAME = AppIcon;
				ASSETCATALOG_COMPILER_GLOBAL_ACCENT_COLOR_NAME = AccentColor;
				CODE_SIGN_STYLE = Automatic;
				CURRENT_PROJECT_VERSION = 1;
				GENERATE_INFOPLIST_FILE = YES;
				INFOPLIST_FILE = ImageViewFlow/Info.plist;
				INFOPLIST_KEY_UIApplicationSupportsIndirectInputEvents = YES;
				INFOPLIST_KEY_UILaunchStoryboardName = LaunchScreen;
				INFOPLIST_KEY_UIMainStoryboardFile = Main;
				INFOPLIST_KEY_UISupportedInterfaceOrientations_iPad = "UIInterfaceOrientationPortrait UIInterfaceOrientationPortraitUpsideDown UIInterfaceOrientationLandscapeLeft UIInterfaceOrientationLandscapeRight";
				INFOPLIST_KEY_UISupportedInterfaceOrientations_iPhone = "UIInterfaceOrientationPortrait UIInterfaceOrientationLandscapeLeft UIInterfaceOrientationLandscapeRight";
				LD_RUNPATH_SEARCH_PATHS = (
					"$(inherited)",
					"@executable_path/Frameworks",
				);
				MARKETING_VERSION = 1.0;
				PRODUCT_BUNDLE_IDENTIFIER = com.ita.ImageViewFlow;
				PRODUCT_NAME = "$(TARGET_NAME)";
				SWIFT_EMIT_LOC_STRINGS = YES;
				SWIFT_VERSION = 5.0;
				TARGETED_DEVICE_FAMILY = "1,2";
			};
			name = Release;
		};
/* End XCBuildConfiguration section */

/* Begin XCConfigurationList section */
		77E30C57272B8E7900A88731 /* Build configuration list for PBXProject "ImageViewFlow" */ = {
			isa = XCConfigurationList;
			buildConfigurations = (
				77E30C6E272B8E7C00A88731 /* Debug */,
				77E30C6F272B8E7C00A88731 /* Release */,
			);
			defaultConfigurationIsVisible = 0;
			defaultConfigurationName = Release;
		};
		77E30C70272B8E7C00A88731 /* Build configuration list for PBXNativeTarget "ImageViewFlow" */ = {
			isa = XCConfigurationList;
			buildConfigurations = (
				77E30C71272B8E7C00A88731 /* Debug */,
				77E30C72272B8E7C00A88731 /* Release */,
			);
			defaultConfigurationIsVisible = 0;
			defaultConfigurationName = Release;
		};
/* End XCConfigurationList section */
	};
	rootObject = 77E30C54272B8E7900A88731 /* Project object */;
}
