// !$*UTF8*$!
{
	archiveVersion = 1;
	classes = {
	};
	objectVersion = 55;
	objects = {

/* Begin PBXBuildFile section */
		37519D011F7ECD259D732C6A /* Pods_DepencyManager.framework in Frameworks */ = {isa = PBXBuildFile; fileRef = FC6A9CDAEB43C7F10C4F32F8 /* Pods_DepencyManager.framework */; };
		77C2B9FA2751D51F00B46CC1 /* AppDelegate.swift in Sources */ = {isa = PBXBuildFile; fileRef = 77C2B9F92751D51F00B46CC1 /* AppDelegate.swift */; };
		77C2B9FC2751D51F00B46CC1 /* SceneDelegate.swift in Sources */ = {isa = PBXBuildFile; fileRef = 77C2B9FB2751D51F00B46CC1 /* SceneDelegate.swift */; };
		77C2B9FE2751D51F00B46CC1 /* ViewController.swift in Sources */ = {isa = PBXBuildFile; fileRef = 77C2B9FD2751D51F00B46CC1 /* ViewController.swift */; };
		77C2BA012751D51F00B46CC1 /* Main.storyboard in Resources */ = {isa = PBXBuildFile; fileRef = 77C2B9FF2751D51F00B46CC1 /* Main.storyboard */; };
		77C2BA032751D52100B46CC1 /* Assets.xcassets in Resources */ = {isa = PBXBuildFile; fileRef = 77C2BA022751D52100B46CC1 /* Assets.xcassets */; };
		77C2BA062751D52100B46CC1 /* LaunchScreen.storyboard in Resources */ = {isa = PBXBuildFile; fileRef = 77C2BA042751D52100B46CC1 /* LaunchScreen.storyboard */; };
		789D7C6E2755C3D000EF3FCB /* ListPokemon.swift in Sources */ = {isa = PBXBuildFile; fileRef = 789D7C6D2755C3D000EF3FCB /* ListPokemon.swift */; };
		789D7C712755C77800EF3FCB /* PokemonServiceClient.swift in Sources */ = {isa = PBXBuildFile; fileRef = 789D7C702755C77800EF3FCB /* PokemonServiceClient.swift */; };
		789D7C732755CC6400EF3FCB /* PokemonTableViewCell.swift in Sources */ = {isa = PBXBuildFile; fileRef = 789D7C722755CC6400EF3FCB /* PokemonTableViewCell.swift */; };
/* End PBXBuildFile section */

/* Begin PBXFileReference section */
		17DEB9877EF1DE6BDAA20163 /* Pods-DepencyManager.release.xcconfig */ = {isa = PBXFileReference; includeInIndex = 1; lastKnownFileType = text.xcconfig; name = "Pods-DepencyManager.release.xcconfig"; path = "Target Support Files/Pods-DepencyManager/Pods-DepencyManager.release.xcconfig"; sourceTree = "<group>"; };
		77C2B9F62751D51F00B46CC1 /* DepencyManager.app */ = {isa = PBXFileReference; explicitFileType = wrapper.application; includeInIndex = 0; path = DepencyManager.app; sourceTree = BUILT_PRODUCTS_DIR; };
		77C2B9F92751D51F00B46CC1 /* AppDelegate.swift */ = {isa = PBXFileReference; lastKnownFileType = sourcecode.swift; path = AppDelegate.swift; sourceTree = "<group>"; };
		77C2B9FB2751D51F00B46CC1 /* SceneDelegate.swift */ = {isa = PBXFileReference; lastKnownFileType = sourcecode.swift; path = SceneDelegate.swift; sourceTree = "<group>"; };
		77C2B9FD2751D51F00B46CC1 /* ViewController.swift */ = {isa = PBXFileReference; lastKnownFileType = sourcecode.swift; path = ViewController.swift; sourceTree = "<group>"; };
		77C2BA002751D51F00B46CC1 /* Base */ = {isa = PBXFileReference; lastKnownFileType = file.storyboard; name = Base; path = Base.lproj/Main.storyboard; sourceTree = "<group>"; };
		77C2BA022751D52100B46CC1 /* Assets.xcassets */ = {isa = PBXFileReference; lastKnownFileType = folder.assetcatalog; path = Assets.xcassets; sourceTree = "<group>"; };
		77C2BA052751D52100B46CC1 /* Base */ = {isa = PBXFileReference; lastKnownFileType = file.storyboard; name = Base; path = Base.lproj/LaunchScreen.storyboard; sourceTree = "<group>"; };
		77C2BA072751D52100B46CC1 /* Info.plist */ = {isa = PBXFileReference; lastKnownFileType = text.plist.xml; path = Info.plist; sourceTree = "<group>"; };
		789D7C6D2755C3D000EF3FCB /* ListPokemon.swift */ = {isa = PBXFileReference; lastKnownFileType = sourcecode.swift; path = ListPokemon.swift; sourceTree = "<group>"; };
		789D7C702755C77800EF3FCB /* PokemonServiceClient.swift */ = {isa = PBXFileReference; lastKnownFileType = sourcecode.swift; path = PokemonServiceClient.swift; sourceTree = "<group>"; };
		789D7C722755CC6400EF3FCB /* PokemonTableViewCell.swift */ = {isa = PBXFileReference; lastKnownFileType = sourcecode.swift; path = PokemonTableViewCell.swift; sourceTree = "<group>"; };
		EB853A2CE655A43D63C548EB /* Pods-DepencyManager.debug.xcconfig */ = {isa = PBXFileReference; includeInIndex = 1; lastKnownFileType = text.xcconfig; name = "Pods-DepencyManager.debug.xcconfig"; path = "Target Support Files/Pods-DepencyManager/Pods-DepencyManager.debug.xcconfig"; sourceTree = "<group>"; };
		FC6A9CDAEB43C7F10C4F32F8 /* Pods_DepencyManager.framework */ = {isa = PBXFileReference; explicitFileType = wrapper.framework; includeInIndex = 0; path = Pods_DepencyManager.framework; sourceTree = BUILT_PRODUCTS_DIR; };
/* End PBXFileReference section */

/* Begin PBXFrameworksBuildPhase section */
		77C2B9F32751D51F00B46CC1 /* Frameworks */ = {
			isa = PBXFrameworksBuildPhase;
			buildActionMask = 2147483647;
			files = (
				37519D011F7ECD259D732C6A /* Pods_DepencyManager.framework in Frameworks */,
			);
			runOnlyForDeploymentPostprocessing = 0;
		};
/* End PBXFrameworksBuildPhase section */

/* Begin PBXGroup section */
		3D32FD7165052194B81D5F92 /* Frameworks */ = {
			isa = PBXGroup;
			children = (
				FC6A9CDAEB43C7F10C4F32F8 /* Pods_DepencyManager.framework */,
			);
			name = Frameworks;
			sourceTree = "<group>";
		};
		531C2D44A2284B7C2CA574F9 /* Pods */ = {
			isa = PBXGroup;
			children = (
				EB853A2CE655A43D63C548EB /* Pods-DepencyManager.debug.xcconfig */,
				17DEB9877EF1DE6BDAA20163 /* Pods-DepencyManager.release.xcconfig */,
			);
			path = Pods;
			sourceTree = "<group>";
		};
		77C2B9ED2751D51F00B46CC1 = {
			isa = PBXGroup;
			children = (
				77C2B9F82751D51F00B46CC1 /* DepencyManager */,
				77C2B9F72751D51F00B46CC1 /* Products */,
				531C2D44A2284B7C2CA574F9 /* Pods */,
				3D32FD7165052194B81D5F92 /* Frameworks */,
			);
			sourceTree = "<group>";
		};
		77C2B9F72751D51F00B46CC1 /* Products */ = {
			isa = PBXGroup;
			children = (
				77C2B9F62751D51F00B46CC1 /* DepencyManager.app */,
			);
			name = Products;
			sourceTree = "<group>";
		};
		77C2B9F82751D51F00B46CC1 /* DepencyManager */ = {
			isa = PBXGroup;
			children = (
				789D7C6F2755C75D00EF3FCB /* Model */,
				77C2B9F92751D51F00B46CC1 /* AppDelegate.swift */,
				77C2B9FB2751D51F00B46CC1 /* SceneDelegate.swift */,
				77C2B9FD2751D51F00B46CC1 /* ViewController.swift */,
				77C2B9FF2751D51F00B46CC1 /* Main.storyboard */,
				77C2BA022751D52100B46CC1 /* Assets.xcassets */,
				77C2BA042751D52100B46CC1 /* LaunchScreen.storyboard */,
				77C2BA072751D52100B46CC1 /* Info.plist */,
				789D7C722755CC6400EF3FCB /* PokemonTableViewCell.swift */,
			);
			path = DepencyManager;
			sourceTree = "<group>";
		};
		789D7C6F2755C75D00EF3FCB /* Model */ = {
			isa = PBXGroup;
			children = (
				789D7C6D2755C3D000EF3FCB /* ListPokemon.swift */,
				789D7C702755C77800EF3FCB /* PokemonServiceClient.swift */,
			);
			path = Model;
			sourceTree = "<group>";
		};
/* End PBXGroup section */

/* Begin PBXNativeTarget section */
		77C2B9F52751D51F00B46CC1 /* DepencyManager */ = {
			isa = PBXNativeTarget;
			buildConfigurationList = 77C2BA0A2751D52100B46CC1 /* Build configuration list for PBXNativeTarget "DepencyManager" */;
			buildPhases = (
				13C9E8404AFDA8F60CAAA7E2 /* [CP] Check Pods Manifest.lock */,
				77C2B9F22751D51F00B46CC1 /* Sources */,
				77C2B9F32751D51F00B46CC1 /* Frameworks */,
				77C2B9F42751D51F00B46CC1 /* Resources */,
				D3CA4A12B6B20C6E096014B9 /* [CP] Embed Pods Frameworks */,
			);
			buildRules = (
			);
			dependencies = (
			);
			name = DepencyManager;
			productName = DepencyManager;
			productReference = 77C2B9F62751D51F00B46CC1 /* DepencyManager.app */;
			productType = "com.apple.product-type.application";
		};
/* End PBXNativeTarget section */

/* Begin PBXProject section */
		77C2B9EE2751D51F00B46CC1 /* Project object */ = {
			isa = PBXProject;
			attributes = {
				BuildIndependentTargetsInParallel = 1;
				LastSwiftUpdateCheck = 1300;
				LastUpgradeCheck = 1300;
				TargetAttributes = {
					77C2B9F52751D51F00B46CC1 = {
						CreatedOnToolsVersion = 13.0;
					};
				};
			};
			buildConfigurationList = 77C2B9F12751D51F00B46CC1 /* Build configuration list for PBXProject "DepencyManager" */;
			compatibilityVersion = "Xcode 13.0";
			developmentRegion = en;
			hasScannedForEncodings = 0;
			knownRegions = (
				en,
				Base,
			);
			mainGroup = 77C2B9ED2751D51F00B46CC1;
			productRefGroup = 77C2B9F72751D51F00B46CC1 /* Products */;
			projectDirPath = "";
			projectRoot = "";
			targets = (
				77C2B9F52751D51F00B46CC1 /* DepencyManager */,
			);
		};
/* End PBXProject section */

/* Begin PBXResourcesBuildPhase section */
		77C2B9F42751D51F00B46CC1 /* Resources */ = {
			isa = PBXResourcesBuildPhase;
			buildActionMask = 2147483647;
			files = (
				77C2BA062751D52100B46CC1 /* LaunchScreen.storyboard in Resources */,
				77C2BA032751D52100B46CC1 /* Assets.xcassets in Resources */,
				77C2BA012751D51F00B46CC1 /* Main.storyboard in Resources */,
			);
			runOnlyForDeploymentPostprocessing = 0;
		};
/* End PBXResourcesBuildPhase section */

/* Begin PBXShellScriptBuildPhase section */
		13C9E8404AFDA8F60CAAA7E2 /* [CP] Check Pods Manifest.lock */ = {
			isa = PBXShellScriptBuildPhase;
			buildActionMask = 2147483647;
			files = (
			);
			inputFileListPaths = (
			);
			inputPaths = (
				"${PODS_PODFILE_DIR_PATH}/Podfile.lock",
				"${PODS_ROOT}/Manifest.lock",
			);
			name = "[CP] Check Pods Manifest.lock";
			outputFileListPaths = (
			);
			outputPaths = (
				"$(DERIVED_FILE_DIR)/Pods-DepencyManager-checkManifestLockResult.txt",
			);
			runOnlyForDeploymentPostprocessing = 0;
			shellPath = /bin/sh;
			shellScript = "diff \"${PODS_PODFILE_DIR_PATH}/Podfile.lock\" \"${PODS_ROOT}/Manifest.lock\" > /dev/null\nif [ $? != 0 ] ; then\n    # print error to STDERR\n    echo \"error: The sandbox is not in sync with the Podfile.lock. Run 'pod install' or update your CocoaPods installation.\" >&2\n    exit 1\nfi\n# This output is used by Xcode 'outputs' to avoid re-running this script phase.\necho \"SUCCESS\" > \"${SCRIPT_OUTPUT_FILE_0}\"\n";
			showEnvVarsInLog = 0;
		};
		D3CA4A12B6B20C6E096014B9 /* [CP] Embed Pods Frameworks */ = {
			isa = PBXShellScriptBuildPhase;
			buildActionMask = 2147483647;
			files = (
			);
			inputFileListPaths = (
				"${PODS_ROOT}/Target Support Files/Pods-DepencyManager/Pods-DepencyManager-frameworks-${CONFIGURATION}-input-files.xcfilelist",
			);
			name = "[CP] Embed Pods Frameworks";
			outputFileListPaths = (
				"${PODS_ROOT}/Target Support Files/Pods-DepencyManager/Pods-DepencyManager-frameworks-${CONFIGURATION}-output-files.xcfilelist",
			);
			runOnlyForDeploymentPostprocessing = 0;
			shellPath = /bin/sh;
			shellScript = "\"${PODS_ROOT}/Target Support Files/Pods-DepencyManager/Pods-DepencyManager-frameworks.sh\"\n";
			showEnvVarsInLog = 0;
		};
/* End PBXShellScriptBuildPhase section */

/* Begin PBXSourcesBuildPhase section */
		77C2B9F22751D51F00B46CC1 /* Sources */ = {
			isa = PBXSourcesBuildPhase;
			buildActionMask = 2147483647;
			files = (
				77C2B9FE2751D51F00B46CC1 /* ViewController.swift in Sources */,
				789D7C712755C77800EF3FCB /* PokemonServiceClient.swift in Sources */,
				789D7C6E2755C3D000EF3FCB /* ListPokemon.swift in Sources */,
				789D7C732755CC6400EF3FCB /* PokemonTableViewCell.swift in Sources */,
				77C2B9FA2751D51F00B46CC1 /* AppDelegate.swift in Sources */,
				77C2B9FC2751D51F00B46CC1 /* SceneDelegate.swift in Sources */,
			);
			runOnlyForDeploymentPostprocessing = 0;
		};
/* End PBXSourcesBuildPhase section */

/* Begin PBXVariantGroup section */
		77C2B9FF2751D51F00B46CC1 /* Main.storyboard */ = {
			isa = PBXVariantGroup;
			children = (
				77C2BA002751D51F00B46CC1 /* Base */,
			);
			name = Main.storyboard;
			sourceTree = "<group>";
		};
		77C2BA042751D52100B46CC1 /* LaunchScreen.storyboard */ = {
			isa = PBXVariantGroup;
			children = (
				77C2BA052751D52100B46CC1 /* Base */,
			);
			name = LaunchScreen.storyboard;
			sourceTree = "<group>";
		};
/* End PBXVariantGroup section */

/* Begin XCBuildConfiguration section */
		77C2BA082751D52100B46CC1 /* Debug */ = {
			isa = XCBuildConfiguration;
			buildSettings = {
				ALWAYS_SEARCH_USER_PATHS = NO;
				CLANG_ANALYZER_NONNULL = YES;
				CLANG_ANALYZER_NUMBER_OBJECT_CONVERSION = YES_AGGRESSIVE;
				CLANG_CXX_LANGUAGE_STANDARD = "gnu++17";
				CLANG_CXX_LIBRARY = "libc++";
				CLANG_ENABLE_MODULES = YES;
				CLANG_ENABLE_OBJC_ARC = YES;
				CLANG_ENABLE_OBJC_WEAK = YES;
				CLANG_WARN_BLOCK_CAPTURE_AUTORELEASING = YES;
				CLANG_WARN_BOOL_CONVERSION = YES;
				CLANG_WARN_COMMA = YES;
				CLANG_WARN_CONSTANT_CONVERSION = YES;
				CLANG_WARN_DEPRECATED_OBJC_IMPLEMENTATIONS = YES;
				CLANG_WARN_DIRECT_OBJC_ISA_USAGE = YES_ERROR;
				CLANG_WARN_DOCUMENTATION_COMMENTS = YES;
				CLANG_WARN_EMPTY_BODY = YES;
				CLANG_WARN_ENUM_CONVERSION = YES;
				CLANG_WARN_INFINITE_RECURSION = YES;
				CLANG_WARN_INT_CONVERSION = YES;
				CLANG_WARN_NON_LITERAL_NULL_CONVERSION = YES;
				CLANG_WARN_OBJC_IMPLICIT_RETAIN_SELF = YES;
				CLANG_WARN_OBJC_LITERAL_CONVERSION = YES;
				CLANG_WARN_OBJC_ROOT_CLASS = YES_ERROR;
				CLANG_WARN_QUOTED_INCLUDE_IN_FRAMEWORK_HEADER = YES;
				CLANG_WARN_RANGE_LOOP_ANALYSIS = YES;
				CLANG_WARN_STRICT_PROTOTYPES = YES;
				CLANG_WARN_SUSPICIOUS_MOVE = YES;
				CLANG_WARN_UNGUARDED_AVAILABILITY = YES_AGGRESSIVE;
				CLANG_WARN_UNREACHABLE_CODE = YES;
				CLANG_WARN__DUPLICATE_METHOD_MATCH = YES;
				COPY_PHASE_STRIP = NO;
				DEBUG_INFORMATION_FORMAT = dwarf;
				ENABLE_STRICT_OBJC_MSGSEND = YES;
				ENABLE_TESTABILITY = YES;
				GCC_C_LANGUAGE_STANDARD = gnu11;
				GCC_DYNAMIC_NO_PIC = NO;
				GCC_NO_COMMON_BLOCKS = YES;
				GCC_OPTIMIZATION_LEVEL = 0;
				GCC_PREPROCESSOR_DEFINITIONS = (
					"DEBUG=1",
					"$(inherited)",
				);
				GCC_WARN_64_TO_32_BIT_CONVERSION = YES;
				GCC_WARN_ABOUT_RETURN_TYPE = YES_ERROR;
				GCC_WARN_UNDECLARED_SELECTOR = YES;
				GCC_WARN_UNINITIALIZED_AUTOS = YES_AGGRESSIVE;
				GCC_WARN_UNUSED_FUNCTION = YES;
				GCC_WARN_UNUSED_VARIABLE = YES;
				IPHONEOS_DEPLOYMENT_TARGET = 15.0;
				MTL_ENABLE_DEBUG_INFO = INCLUDE_SOURCE;
				MTL_FAST_MATH = YES;
				ONLY_ACTIVE_ARCH = YES;
				SDKROOT = iphoneos;
				SWIFT_ACTIVE_COMPILATION_CONDITIONS = DEBUG;
				SWIFT_OPTIMIZATION_LEVEL = "-Onone";
			};
			name = Debug;
		};
		77C2BA092751D52100B46CC1 /* Release */ = {
			isa = XCBuildConfiguration;
			buildSettings = {
				ALWAYS_SEARCH_USER_PATHS = NO;
				CLANG_ANALYZER_NONNULL = YES;
				CLANG_ANALYZER_NUMBER_OBJECT_CONVERSION = YES_AGGRESSIVE;
				CLANG_CXX_LANGUAGE_STANDARD = "gnu++17";
				CLANG_CXX_LIBRARY = "libc++";
				CLANG_ENABLE_MODULES = YES;
				CLANG_ENABLE_OBJC_ARC = YES;
				CLANG_ENABLE_OBJC_WEAK = YES;
				CLANG_WARN_BLOCK_CAPTURE_AUTORELEASING = YES;
				CLANG_WARN_BOOL_CONVERSION = YES;
				CLANG_WARN_COMMA = YES;
				CLANG_WARN_CONSTANT_CONVERSION = YES;
				CLANG_WARN_DEPRECATED_OBJC_IMPLEMENTATIONS = YES;
				CLANG_WARN_DIRECT_OBJC_ISA_USAGE = YES_ERROR;
				CLANG_WARN_DOCUMENTATION_COMMENTS = YES;
				CLANG_WARN_EMPTY_BODY = YES;
				CLANG_WARN_ENUM_CONVERSION = YES;
				CLANG_WARN_INFINITE_RECURSION = YES;
				CLANG_WARN_INT_CONVERSION = YES;
				CLANG_WARN_NON_LITERAL_NULL_CONVERSION = YES;
				CLANG_WARN_OBJC_IMPLICIT_RETAIN_SELF = YES;
				CLANG_WARN_OBJC_LITERAL_CONVERSION = YES;
				CLANG_WARN_OBJC_ROOT_CLASS = YES_ERROR;
				CLANG_WARN_QUOTED_INCLUDE_IN_FRAMEWORK_HEADER = YES;
				CLANG_WARN_RANGE_LOOP_ANALYSIS = YES;
				CLANG_WARN_STRICT_PROTOTYPES = YES;
				CLANG_WARN_SUSPICIOUS_MOVE = YES;
				CLANG_WARN_UNGUARDED_AVAILABILITY = YES_AGGRESSIVE;
				CLANG_WARN_UNREACHABLE_CODE = YES;
				CLANG_WARN__DUPLICATE_METHOD_MATCH = YES;
				COPY_PHASE_STRIP = NO;
				DEBUG_INFORMATION_FORMAT = "dwarf-with-dsym";
				ENABLE_NS_ASSERTIONS = NO;
				ENABLE_STRICT_OBJC_MSGSEND = YES;
				GCC_C_LANGUAGE_STANDARD = gnu11;
				GCC_NO_COMMON_BLOCKS = YES;
				GCC_WARN_64_TO_32_BIT_CONVERSION = YES;
				GCC_WARN_ABOUT_RETURN_TYPE = YES_ERROR;
				GCC_WARN_UNDECLARED_SELECTOR = YES;
				GCC_WARN_UNINITIALIZED_AUTOS = YES_AGGRESSIVE;
				GCC_WARN_UNUSED_FUNCTION = YES;
				GCC_WARN_UNUSED_VARIABLE = YES;
				IPHONEOS_DEPLOYMENT_TARGET = 15.0;
				MTL_ENABLE_DEBUG_INFO = NO;
				MTL_FAST_MATH = YES;
				SDKROOT = iphoneos;
				SWIFT_COMPILATION_MODE = wholemodule;
				SWIFT_OPTIMIZATION_LEVEL = "-O";
				VALIDATE_PRODUCT = YES;
			};
			name = Release;
		};
		77C2BA0B2751D52100B46CC1 /* Debug */ = {
			isa = XCBuildConfiguration;
			baseConfigurationReference = EB853A2CE655A43D63C548EB /* Pods-DepencyManager.debug.xcconfig */;
			buildSettings = {
				ASSETCATALOG_COMPILER_APPICON_NAME = AppIcon;
				ASSETCATALOG_COMPILER_GLOBAL_ACCENT_COLOR_NAME = AccentColor;
				CODE_SIGN_STYLE = Automatic;
				CURRENT_PROJECT_VERSION = 1;
				DEVELOPMENT_TEAM = 5N3Q47BW2U;
				GENERATE_INFOPLIST_FILE = YES;
				INFOPLIST_FILE = DepencyManager/Info.plist;
				INFOPLIST_KEY_UIApplicationSupportsIndirectInputEvents = YES;
				INFOPLIST_KEY_UILaunchStoryboardName = LaunchScreen;
				INFOPLIST_KEY_UIMainStoryboardFile = Main;
				INFOPLIST_KEY_UISupportedInterfaceOrientations_iPad = "UIInterfaceOrientationPortrait UIInterfaceOrientationPortraitUpsideDown UIInterfaceOrientationLandscapeLeft UIInterfaceOrientationLandscapeRight";
				INFOPLIST_KEY_UISupportedInterfaceOrientations_iPhone = "UIInterfaceOrientationPortrait UIInterfaceOrientationLandscapeLeft UIInterfaceOrientationLandscapeRight";
				LD_RUNPATH_SEARCH_PATHS = (
					"$(inherited)",
					"@executable_path/Frameworks",
				);
				MARKETING_VERSION = 1.0;
				PRODUCT_BUNDLE_IDENTIFIER = com.ita.DepencyManager;
				PRODUCT_NAME = "$(TARGET_NAME)";
				SWIFT_EMIT_LOC_STRINGS = YES;
				SWIFT_VERSION = 5.0;
				TARGETED_DEVICE_FAMILY = "1,2";
			};
			name = Debug;
		};
		77C2BA0C2751D52100B46CC1 /* Release */ = {
			isa = XCBuildConfiguration;
			baseConfigurationReference = 17DEB9877EF1DE6BDAA20163 /* Pods-DepencyManager.release.xcconfig */;
			buildSettings = {
				ASSETCATALOG_COMPILER_APPICON_NAME = AppIcon;
				ASSETCATALOG_COMPILER_GLOBAL_ACCENT_COLOR_NAME = AccentColor;
				CODE_SIGN_STYLE = Automatic;
				CURRENT_PROJECT_VERSION = 1;
				DEVELOPMENT_TEAM = 5N3Q47BW2U;
				GENERATE_INFOPLIST_FILE = YES;
				INFOPLIST_FILE = DepencyManager/Info.plist;
				INFOPLIST_KEY_UIApplicationSupportsIndirectInputEvents = YES;
				INFOPLIST_KEY_UILaunchStoryboardName = LaunchScreen;
				INFOPLIST_KEY_UIMainStoryboardFile = Main;
				INFOPLIST_KEY_UISupportedInterfaceOrientations_iPad = "UIInterfaceOrientationPortrait UIInterfaceOrientationPortraitUpsideDown UIInterfaceOrientationLandscapeLeft UIInterfaceOrientationLandscapeRight";
				INFOPLIST_KEY_UISupportedInterfaceOrientations_iPhone = "UIInterfaceOrientationPortrait UIInterfaceOrientationLandscapeLeft UIInterfaceOrientationLandscapeRight";
				LD_RUNPATH_SEARCH_PATHS = (
					"$(inherited)",
					"@executable_path/Frameworks",
				);
				MARKETING_VERSION = 1.0;
				PRODUCT_BUNDLE_IDENTIFIER = com.ita.DepencyManager;
				PRODUCT_NAME = "$(TARGET_NAME)";
				SWIFT_EMIT_LOC_STRINGS = YES;
				SWIFT_VERSION = 5.0;
				TARGETED_DEVICE_FAMILY = "1,2";
			};
			name = Release;
		};
/* End XCBuildConfiguration section */

/* Begin XCConfigurationList section */
		77C2B9F12751D51F00B46CC1 /* Build configuration list for PBXProject "DepencyManager" */ = {
			isa = XCConfigurationList;
			buildConfigurations = (
				77C2BA082751D52100B46CC1 /* Debug */,
				77C2BA092751D52100B46CC1 /* Release */,
			);
			defaultConfigurationIsVisible = 0;
			defaultConfigurationName = Release;
		};
		77C2BA0A2751D52100B46CC1 /* Build configuration list for PBXNativeTarget "DepencyManager" */ = {
			isa = XCConfigurationList;
			buildConfigurations = (
				77C2BA0B2751D52100B46CC1 /* Debug */,
				77C2BA0C2751D52100B46CC1 /* Release */,
			);
			defaultConfigurationIsVisible = 0;
			defaultConfigurationName = Release;
		};
/* End XCConfigurationList section */
	};
	rootObject = 77C2B9EE2751D51F00B46CC1 /* Project object */;
}
