// !$*UTF8*$!
{
	archiveVersion = 1;
	classes = {
	};
	objectVersion = 55;
	objects = {

/* Begin PBXBuildFile section */
		773D46692734C07100B4B652 /* AppDelegate.swift in Sources */ = {isa = PBXBuildFile; fileRef = 773D46682734C07100B4B652 /* AppDelegate.swift */; };
		773D466B2734C07100B4B652 /* SceneDelegate.swift in Sources */ = {isa = PBXBuildFile; fileRef = 773D466A2734C07100B4B652 /* SceneDelegate.swift */; };
		773D466D2734C07100B4B652 /* OnboardingViewController.swift in Sources */ = {isa = PBXBuildFile; fileRef = 773D466C2734C07100B4B652 /* OnboardingViewController.swift */; };
		773D46702734C07100B4B652 /* Main.storyboard in Resources */ = {isa = PBXBuildFile; fileRef = 773D466E2734C07100B4B652 /* Main.storyboard */; };
		773D46722734C07300B4B652 /* Assets.xcassets in Resources */ = {isa = PBXBuildFile; fileRef = 773D46712734C07300B4B652 /* Assets.xcassets */; };
		773D46752734C07300B4B652 /* LaunchScreen.storyboard in Resources */ = {isa = PBXBuildFile; fileRef = 773D46732734C07300B4B652 /* LaunchScreen.storyboard */; };
		77601E572758690D0074AE85 /* SendResetPasswordEmail.swift in Sources */ = {isa = PBXBuildFile; fileRef = 77601E562758690D0074AE85 /* SendResetPasswordEmail.swift */; };
		77AC39B2275710DA00E39131 /* NetworkClient.swift in Sources */ = {isa = PBXBuildFile; fileRef = 77AC39B1275710DA00E39131 /* NetworkClient.swift */; };
		77C3B58127361F64008F1786 /* SignUpViewController.swift in Sources */ = {isa = PBXBuildFile; fileRef = 77C3B58027361F64008F1786 /* SignUpViewController.swift */; };
		77C3B58327361F98008F1786 /* SignInViewController.swift in Sources */ = {isa = PBXBuildFile; fileRef = 77C3B58227361F98008F1786 /* SignInViewController.swift */; };
		77C3B58527361FB6008F1786 /* RecoveryPasswordViewController.swift in Sources */ = {isa = PBXBuildFile; fileRef = 77C3B58427361FB6008F1786 /* RecoveryPasswordViewController.swift */; };
		77C3B58727361FCA008F1786 /* HomeViewController.swift in Sources */ = {isa = PBXBuildFile; fileRef = 77C3B58627361FC9008F1786 /* HomeViewController.swift */; };
		77C3B58927361FE0008F1786 /* FavouritesViewController.swift in Sources */ = {isa = PBXBuildFile; fileRef = 77C3B58827361FE0008F1786 /* FavouritesViewController.swift */; };
		77CDBBFE273B639A005C6DE8 /* PersistenceClient.swift in Sources */ = {isa = PBXBuildFile; fileRef = 77CDBBFD273B639A005C6DE8 /* PersistenceClient.swift */; };
		82C2E4CDA4415A66361B7A9E /* Pods_MultiScreenApp.framework in Frameworks */ = {isa = PBXBuildFile; fileRef = D306C934A6BE56DCD77E9D23 /* Pods_MultiScreenApp.framework */; };
/* End PBXBuildFile section */

/* Begin PBXFileReference section */
		3F8B7D33A4401067CD7A27A7 /* Pods-MultiScreenApp.debug.xcconfig */ = {isa = PBXFileReference; includeInIndex = 1; lastKnownFileType = text.xcconfig; name = "Pods-MultiScreenApp.debug.xcconfig"; path = "Target Support Files/Pods-MultiScreenApp/Pods-MultiScreenApp.debug.xcconfig"; sourceTree = "<group>"; };
		773D46652734C07100B4B652 /* MultiScreenApp.app */ = {isa = PBXFileReference; explicitFileType = wrapper.application; includeInIndex = 0; path = MultiScreenApp.app; sourceTree = BUILT_PRODUCTS_DIR; };
		773D46682734C07100B4B652 /* AppDelegate.swift */ = {isa = PBXFileReference; lastKnownFileType = sourcecode.swift; path = AppDelegate.swift; sourceTree = "<group>"; };
		773D466A2734C07100B4B652 /* SceneDelegate.swift */ = {isa = PBXFileReference; lastKnownFileType = sourcecode.swift; path = SceneDelegate.swift; sourceTree = "<group>"; };
		773D466C2734C07100B4B652 /* OnboardingViewController.swift */ = {isa = PBXFileReference; lastKnownFileType = sourcecode.swift; path = OnboardingViewController.swift; sourceTree = "<group>"; };
		773D466F2734C07100B4B652 /* Base */ = {isa = PBXFileReference; lastKnownFileType = file.storyboard; name = Base; path = Base.lproj/Main.storyboard; sourceTree = "<group>"; };
		773D46712734C07300B4B652 /* Assets.xcassets */ = {isa = PBXFileReference; lastKnownFileType = folder.assetcatalog; path = Assets.xcassets; sourceTree = "<group>"; };
		773D46742734C07300B4B652 /* Base */ = {isa = PBXFileReference; lastKnownFileType = file.storyboard; name = Base; path = Base.lproj/LaunchScreen.storyboard; sourceTree = "<group>"; };
		773D46762734C07300B4B652 /* Info.plist */ = {isa = PBXFileReference; lastKnownFileType = text.plist.xml; path = Info.plist; sourceTree = "<group>"; };
		77601E562758690D0074AE85 /* SendResetPasswordEmail.swift */ = {isa = PBXFileReference; lastKnownFileType = sourcecode.swift; path = SendResetPasswordEmail.swift; sourceTree = "<group>"; };
		77AC39B1275710DA00E39131 /* NetworkClient.swift */ = {isa = PBXFileReference; lastKnownFileType = sourcecode.swift; path = NetworkClient.swift; sourceTree = "<group>"; };
		77C3B58027361F64008F1786 /* SignUpViewController.swift */ = {isa = PBXFileReference; lastKnownFileType = sourcecode.swift; path = SignUpViewController.swift; sourceTree = "<group>"; };
		77C3B58227361F98008F1786 /* SignInViewController.swift */ = {isa = PBXFileReference; lastKnownFileType = sourcecode.swift; path = SignInViewController.swift; sourceTree = "<group>"; };
		77C3B58427361FB6008F1786 /* RecoveryPasswordViewController.swift */ = {isa = PBXFileReference; lastKnownFileType = sourcecode.swift; path = RecoveryPasswordViewController.swift; sourceTree = "<group>"; };
		77C3B58627361FC9008F1786 /* HomeViewController.swift */ = {isa = PBXFileReference; lastKnownFileType = sourcecode.swift; path = HomeViewController.swift; sourceTree = "<group>"; };
		77C3B58827361FE0008F1786 /* FavouritesViewController.swift */ = {isa = PBXFileReference; lastKnownFileType = sourcecode.swift; path = FavouritesViewController.swift; sourceTree = "<group>"; };
		77CDBBFD273B639A005C6DE8 /* PersistenceClient.swift */ = {isa = PBXFileReference; lastKnownFileType = sourcecode.swift; path = PersistenceClient.swift; sourceTree = "<group>"; };
		D306C934A6BE56DCD77E9D23 /* Pods_MultiScreenApp.framework */ = {isa = PBXFileReference; explicitFileType = wrapper.framework; includeInIndex = 0; path = Pods_MultiScreenApp.framework; sourceTree = BUILT_PRODUCTS_DIR; };
		D468CCF9A9DBDF7A539F731F /* Pods-MultiScreenApp.release.xcconfig */ = {isa = PBXFileReference; includeInIndex = 1; lastKnownFileType = text.xcconfig; name = "Pods-MultiScreenApp.release.xcconfig"; path = "Target Support Files/Pods-MultiScreenApp/Pods-MultiScreenApp.release.xcconfig"; sourceTree = "<group>"; };
/* End PBXFileReference section */

/* Begin PBXFrameworksBuildPhase section */
		773D46622734C07000B4B652 /* Frameworks */ = {
			isa = PBXFrameworksBuildPhase;
			buildActionMask = 2147483647;
			files = (
				82C2E4CDA4415A66361B7A9E /* Pods_MultiScreenApp.framework in Frameworks */,
			);
			runOnlyForDeploymentPostprocessing = 0;
		};
/* End PBXFrameworksBuildPhase section */

/* Begin PBXGroup section */
		2681FA0A5D632900263EC051 /* Pods */ = {
			isa = PBXGroup;
			children = (
				3F8B7D33A4401067CD7A27A7 /* Pods-MultiScreenApp.debug.xcconfig */,
				D468CCF9A9DBDF7A539F731F /* Pods-MultiScreenApp.release.xcconfig */,
			);
			path = Pods;
			sourceTree = "<group>";
		};
		773D465C2734C07000B4B652 = {
			isa = PBXGroup;
			children = (
				773D46672734C07100B4B652 /* MultiScreenApp */,
				773D46662734C07100B4B652 /* Products */,
				2681FA0A5D632900263EC051 /* Pods */,
				C1F7DE3961035F693D0DF0A5 /* Frameworks */,
			);
			sourceTree = "<group>";
		};
		773D46662734C07100B4B652 /* Products */ = {
			isa = PBXGroup;
			children = (
				773D46652734C07100B4B652 /* MultiScreenApp.app */,
			);
			name = Products;
			sourceTree = "<group>";
		};
		773D46672734C07100B4B652 /* MultiScreenApp */ = {
			isa = PBXGroup;
			children = (
				77CDBBF9273B6245005C6DE8 /* Model */,
				77C3B57F27361EE9008F1786 /* Controllers */,
				773D46682734C07100B4B652 /* AppDelegate.swift */,
				773D466A2734C07100B4B652 /* SceneDelegate.swift */,
				773D466E2734C07100B4B652 /* Main.storyboard */,
				773D46712734C07300B4B652 /* Assets.xcassets */,
				773D46732734C07300B4B652 /* LaunchScreen.storyboard */,
				773D46762734C07300B4B652 /* Info.plist */,
			);
			path = MultiScreenApp;
			sourceTree = "<group>";
		};
		77AC39B0275710B000E39131 /* NetworkClient */ = {
			isa = PBXGroup;
			children = (
				77AC39B1275710DA00E39131 /* NetworkClient.swift */,
				77601E562758690D0074AE85 /* SendResetPasswordEmail.swift */,
			);
			path = NetworkClient;
			sourceTree = "<group>";
		};
		77C3B57F27361EE9008F1786 /* Controllers */ = {
			isa = PBXGroup;
			children = (
				773D466C2734C07100B4B652 /* OnboardingViewController.swift */,
				77C3B58027361F64008F1786 /* SignUpViewController.swift */,
				77C3B58227361F98008F1786 /* SignInViewController.swift */,
				77C3B58427361FB6008F1786 /* RecoveryPasswordViewController.swift */,
				77C3B58627361FC9008F1786 /* HomeViewController.swift */,
				77C3B58827361FE0008F1786 /* FavouritesViewController.swift */,
			);
			path = Controllers;
			sourceTree = "<group>";
		};
		77CDBBF9273B6245005C6DE8 /* Model */ = {
			isa = PBXGroup;
			children = (
				77AC39B0275710B000E39131 /* NetworkClient */,
				77CDBBFB273B6351005C6DE8 /* PersistenceClient */,
			);
			path = Model;
			sourceTree = "<group>";
		};
		77CDBBFB273B6351005C6DE8 /* PersistenceClient */ = {
			isa = PBXGroup;
			children = (
				77CDBBFD273B639A005C6DE8 /* PersistenceClient.swift */,
			);
			path = PersistenceClient;
			sourceTree = "<group>";
		};
		C1F7DE3961035F693D0DF0A5 /* Frameworks */ = {
			isa = PBXGroup;
			children = (
				D306C934A6BE56DCD77E9D23 /* Pods_MultiScreenApp.framework */,
			);
			name = Frameworks;
			sourceTree = "<group>";
		};
/* End PBXGroup section */

/* Begin PBXNativeTarget section */
		773D46642734C07000B4B652 /* MultiScreenApp */ = {
			isa = PBXNativeTarget;
			buildConfigurationList = 773D46792734C07300B4B652 /* Build configuration list for PBXNativeTarget "MultiScreenApp" */;
			buildPhases = (
				0CD51A6AC257449830636385 /* [CP] Check Pods Manifest.lock */,
				773D46612734C07000B4B652 /* Sources */,
				773D46622734C07000B4B652 /* Frameworks */,
				773D46632734C07000B4B652 /* Resources */,
				5E07743FC28BFD0E601A8D23 /* [CP] Embed Pods Frameworks */,
			);
			buildRules = (
			);
			dependencies = (
			);
			name = MultiScreenApp;
			productName = MultiScreenApp;
			productReference = 773D46652734C07100B4B652 /* MultiScreenApp.app */;
			productType = "com.apple.product-type.application";
		};
/* End PBXNativeTarget section */

/* Begin PBXProject section */
		773D465D2734C07000B4B652 /* Project object */ = {
			isa = PBXProject;
			attributes = {
				BuildIndependentTargetsInParallel = 1;
				LastSwiftUpdateCheck = 1300;
				LastUpgradeCheck = 1300;
				TargetAttributes = {
					773D46642734C07000B4B652 = {
						CreatedOnToolsVersion = 13.0;
					};
				};
			};
			buildConfigurationList = 773D46602734C07000B4B652 /* Build configuration list for PBXProject "MultiScreenApp" */;
			compatibilityVersion = "Xcode 13.0";
			developmentRegion = en;
			hasScannedForEncodings = 0;
			knownRegions = (
				en,
				Base,
			);
			mainGroup = 773D465C2734C07000B4B652;
			productRefGroup = 773D46662734C07100B4B652 /* Products */;
			projectDirPath = "";
			projectRoot = "";
			targets = (
				773D46642734C07000B4B652 /* MultiScreenApp */,
			);
		};
/* End PBXProject section */

/* Begin PBXResourcesBuildPhase section */
		773D46632734C07000B4B652 /* Resources */ = {
			isa = PBXResourcesBuildPhase;
			buildActionMask = 2147483647;
			files = (
				773D46752734C07300B4B652 /* LaunchScreen.storyboard in Resources */,
				773D46722734C07300B4B652 /* Assets.xcassets in Resources */,
				773D46702734C07100B4B652 /* Main.storyboard in Resources */,
			);
			runOnlyForDeploymentPostprocessing = 0;
		};
/* End PBXResourcesBuildPhase section */

/* Begin PBXShellScriptBuildPhase section */
		0CD51A6AC257449830636385 /* [CP] Check Pods Manifest.lock */ = {
			isa = PBXShellScriptBuildPhase;
			buildActionMask = 2147483647;
			files = (
			);
			inputFileListPaths = (
			);
			inputPaths = (
				"${PODS_PODFILE_DIR_PATH}/Podfile.lock",
				"${PODS_ROOT}/Manifest.lock",
			);
			name = "[CP] Check Pods Manifest.lock";
			outputFileListPaths = (
			);
			outputPaths = (
				"$(DERIVED_FILE_DIR)/Pods-MultiScreenApp-checkManifestLockResult.txt",
			);
			runOnlyForDeploymentPostprocessing = 0;
			shellPath = /bin/sh;
			shellScript = "diff \"${PODS_PODFILE_DIR_PATH}/Podfile.lock\" \"${PODS_ROOT}/Manifest.lock\" > /dev/null\nif [ $? != 0 ] ; then\n    # print error to STDERR\n    echo \"error: The sandbox is not in sync with the Podfile.lock. Run 'pod install' or update your CocoaPods installation.\" >&2\n    exit 1\nfi\n# This output is used by Xcode 'outputs' to avoid re-running this script phase.\necho \"SUCCESS\" > \"${SCRIPT_OUTPUT_FILE_0}\"\n";
			showEnvVarsInLog = 0;
		};
		5E07743FC28BFD0E601A8D23 /* [CP] Embed Pods Frameworks */ = {
			isa = PBXShellScriptBuildPhase;
			buildActionMask = 2147483647;
			files = (
			);
			inputFileListPaths = (
				"${PODS_ROOT}/Target Support Files/Pods-MultiScreenApp/Pods-MultiScreenApp-frameworks-${CONFIGURATION}-input-files.xcfilelist",
			);
			name = "[CP] Embed Pods Frameworks";
			outputFileListPaths = (
				"${PODS_ROOT}/Target Support Files/Pods-MultiScreenApp/Pods-MultiScreenApp-frameworks-${CONFIGURATION}-output-files.xcfilelist",
			);
			runOnlyForDeploymentPostprocessing = 0;
			shellPath = /bin/sh;
			shellScript = "\"${PODS_ROOT}/Target Support Files/Pods-MultiScreenApp/Pods-MultiScreenApp-frameworks.sh\"\n";
			showEnvVarsInLog = 0;
		};
/* End PBXShellScriptBuildPhase section */

/* Begin PBXSourcesBuildPhase section */
		773D46612734C07000B4B652 /* Sources */ = {
			isa = PBXSourcesBuildPhase;
			buildActionMask = 2147483647;
			files = (
				77C3B58927361FE0008F1786 /* FavouritesViewController.swift in Sources */,
				77601E572758690D0074AE85 /* SendResetPasswordEmail.swift in Sources */,
				77AC39B2275710DA00E39131 /* NetworkClient.swift in Sources */,
				77CDBBFE273B639A005C6DE8 /* PersistenceClient.swift in Sources */,
				773D466D2734C07100B4B652 /* OnboardingViewController.swift in Sources */,
				773D46692734C07100B4B652 /* AppDelegate.swift in Sources */,
				77C3B58127361F64008F1786 /* SignUpViewController.swift in Sources */,
				77C3B58327361F98008F1786 /* SignInViewController.swift in Sources */,
				77C3B58527361FB6008F1786 /* RecoveryPasswordViewController.swift in Sources */,
				77C3B58727361FCA008F1786 /* HomeViewController.swift in Sources */,
				773D466B2734C07100B4B652 /* SceneDelegate.swift in Sources */,
			);
			runOnlyForDeploymentPostprocessing = 0;
		};
/* End PBXSourcesBuildPhase section */

/* Begin PBXVariantGroup section */
		773D466E2734C07100B4B652 /* Main.storyboard */ = {
			isa = PBXVariantGroup;
			children = (
				773D466F2734C07100B4B652 /* Base */,
			);
			name = Main.storyboard;
			sourceTree = "<group>";
		};
		773D46732734C07300B4B652 /* LaunchScreen.storyboard */ = {
			isa = PBXVariantGroup;
			children = (
				773D46742734C07300B4B652 /* Base */,
			);
			name = LaunchScreen.storyboard;
			sourceTree = "<group>";
		};
/* End PBXVariantGroup section */

/* Begin XCBuildConfiguration section */
		773D46772734C07300B4B652 /* Debug */ = {
			isa = XCBuildConfiguration;
			buildSettings = {
				ALWAYS_SEARCH_USER_PATHS = NO;
				CLANG_ANALYZER_NONNULL = YES;
				CLANG_ANALYZER_NUMBER_OBJECT_CONVERSION = YES_AGGRESSIVE;
				CLANG_CXX_LANGUAGE_STANDARD = "gnu++17";
				CLANG_CXX_LIBRARY = "libc++";
				CLANG_ENABLE_MODULES = YES;
				CLANG_ENABLE_OBJC_ARC = YES;
				CLANG_ENABLE_OBJC_WEAK = YES;
				CLANG_WARN_BLOCK_CAPTURE_AUTORELEASING = YES;
				CLANG_WARN_BOOL_CONVERSION = YES;
				CLANG_WARN_COMMA = YES;
				CLANG_WARN_CONSTANT_CONVERSION = YES;
				CLANG_WARN_DEPRECATED_OBJC_IMPLEMENTATIONS = YES;
				CLANG_WARN_DIRECT_OBJC_ISA_USAGE = YES_ERROR;
				CLANG_WARN_DOCUMENTATION_COMMENTS = YES;
				CLANG_WARN_EMPTY_BODY = YES;
				CLANG_WARN_ENUM_CONVERSION = YES;
				CLANG_WARN_INFINITE_RECURSION = YES;
				CLANG_WARN_INT_CONVERSION = YES;
				CLANG_WARN_NON_LITERAL_NULL_CONVERSION = YES;
				CLANG_WARN_OBJC_IMPLICIT_RETAIN_SELF = YES;
				CLANG_WARN_OBJC_LITERAL_CONVERSION = YES;
				CLANG_WARN_OBJC_ROOT_CLASS = YES_ERROR;
				CLANG_WARN_QUOTED_INCLUDE_IN_FRAMEWORK_HEADER = YES;
				CLANG_WARN_RANGE_LOOP_ANALYSIS = YES;
				CLANG_WARN_STRICT_PROTOTYPES = YES;
				CLANG_WARN_SUSPICIOUS_MOVE = YES;
				CLANG_WARN_UNGUARDED_AVAILABILITY = YES_AGGRESSIVE;
				CLANG_WARN_UNREACHABLE_CODE = YES;
				CLANG_WARN__DUPLICATE_METHOD_MATCH = YES;
				COPY_PHASE_STRIP = NO;
				DEBUG_INFORMATION_FORMAT = dwarf;
				ENABLE_STRICT_OBJC_MSGSEND = YES;
				ENABLE_TESTABILITY = YES;
				GCC_C_LANGUAGE_STANDARD = gnu11;
				GCC_DYNAMIC_NO_PIC = NO;
				GCC_NO_COMMON_BLOCKS = YES;
				GCC_OPTIMIZATION_LEVEL = 0;
				GCC_PREPROCESSOR_DEFINITIONS = (
					"DEBUG=1",
					"$(inherited)",
				);
				GCC_WARN_64_TO_32_BIT_CONVERSION = YES;
				GCC_WARN_ABOUT_RETURN_TYPE = YES_ERROR;
				GCC_WARN_UNDECLARED_SELECTOR = YES;
				GCC_WARN_UNINITIALIZED_AUTOS = YES_AGGRESSIVE;
				GCC_WARN_UNUSED_FUNCTION = YES;
				GCC_WARN_UNUSED_VARIABLE = YES;
				IPHONEOS_DEPLOYMENT_TARGET = 15.0;
				MTL_ENABLE_DEBUG_INFO = INCLUDE_SOURCE;
				MTL_FAST_MATH = YES;
				ONLY_ACTIVE_ARCH = YES;
				SDKROOT = iphoneos;
				SWIFT_ACTIVE_COMPILATION_CONDITIONS = DEBUG;
				SWIFT_OPTIMIZATION_LEVEL = "-Onone";
			};
			name = Debug;
		};
		773D46782734C07300B4B652 /* Release */ = {
			isa = XCBuildConfiguration;
			buildSettings = {
				ALWAYS_SEARCH_USER_PATHS = NO;
				CLANG_ANALYZER_NONNULL = YES;
				CLANG_ANALYZER_NUMBER_OBJECT_CONVERSION = YES_AGGRESSIVE;
				CLANG_CXX_LANGUAGE_STANDARD = "gnu++17";
				CLANG_CXX_LIBRARY = "libc++";
				CLANG_ENABLE_MODULES = YES;
				CLANG_ENABLE_OBJC_ARC = YES;
				CLANG_ENABLE_OBJC_WEAK = YES;
				CLANG_WARN_BLOCK_CAPTURE_AUTORELEASING = YES;
				CLANG_WARN_BOOL_CONVERSION = YES;
				CLANG_WARN_COMMA = YES;
				CLANG_WARN_CONSTANT_CONVERSION = YES;
				CLANG_WARN_DEPRECATED_OBJC_IMPLEMENTATIONS = YES;
				CLANG_WARN_DIRECT_OBJC_ISA_USAGE = YES_ERROR;
				CLANG_WARN_DOCUMENTATION_COMMENTS = YES;
				CLANG_WARN_EMPTY_BODY = YES;
				CLANG_WARN_ENUM_CONVERSION = YES;
				CLANG_WARN_INFINITE_RECURSION = YES;
				CLANG_WARN_INT_CONVERSION = YES;
				CLANG_WARN_NON_LITERAL_NULL_CONVERSION = YES;
				CLANG_WARN_OBJC_IMPLICIT_RETAIN_SELF = YES;
				CLANG_WARN_OBJC_LITERAL_CONVERSION = YES;
				CLANG_WARN_OBJC_ROOT_CLASS = YES_ERROR;
				CLANG_WARN_QUOTED_INCLUDE_IN_FRAMEWORK_HEADER = YES;
				CLANG_WARN_RANGE_LOOP_ANALYSIS = YES;
				CLANG_WARN_STRICT_PROTOTYPES = YES;
				CLANG_WARN_SUSPICIOUS_MOVE = YES;
				CLANG_WARN_UNGUARDED_AVAILABILITY = YES_AGGRESSIVE;
				CLANG_WARN_UNREACHABLE_CODE = YES;
				CLANG_WARN__DUPLICATE_METHOD_MATCH = YES;
				COPY_PHASE_STRIP = NO;
				DEBUG_INFORMATION_FORMAT = "dwarf-with-dsym";
				ENABLE_NS_ASSERTIONS = NO;
				ENABLE_STRICT_OBJC_MSGSEND = YES;
				GCC_C_LANGUAGE_STANDARD = gnu11;
				GCC_NO_COMMON_BLOCKS = YES;
				GCC_WARN_64_TO_32_BIT_CONVERSION = YES;
				GCC_WARN_ABOUT_RETURN_TYPE = YES_ERROR;
				GCC_WARN_UNDECLARED_SELECTOR = YES;
				GCC_WARN_UNINITIALIZED_AUTOS = YES_AGGRESSIVE;
				GCC_WARN_UNUSED_FUNCTION = YES;
				GCC_WARN_UNUSED_VARIABLE = YES;
				IPHONEOS_DEPLOYMENT_TARGET = 15.0;
				MTL_ENABLE_DEBUG_INFO = NO;
				MTL_FAST_MATH = YES;
				SDKROOT = iphoneos;
				SWIFT_COMPILATION_MODE = wholemodule;
				SWIFT_OPTIMIZATION_LEVEL = "-O";
				VALIDATE_PRODUCT = YES;
			};
			name = Release;
		};
		773D467A2734C07300B4B652 /* Debug */ = {
			isa = XCBuildConfiguration;
			baseConfigurationReference = 3F8B7D33A4401067CD7A27A7 /* Pods-MultiScreenApp.debug.xcconfig */;
			buildSettings = {
				ASSETCATALOG_COMPILER_APPICON_NAME = AppIcon;
				ASSETCATALOG_COMPILER_GLOBAL_ACCENT_COLOR_NAME = AccentColor;
				CODE_SIGN_STYLE = Automatic;
				CURRENT_PROJECT_VERSION = 1;
				GENERATE_INFOPLIST_FILE = YES;
				INFOPLIST_FILE = MultiScreenApp/Info.plist;
				INFOPLIST_KEY_UIApplicationSupportsIndirectInputEvents = YES;
				INFOPLIST_KEY_UILaunchStoryboardName = LaunchScreen;
				INFOPLIST_KEY_UIMainStoryboardFile = Main;
				INFOPLIST_KEY_UISupportedInterfaceOrientations_iPad = "UIInterfaceOrientationPortrait UIInterfaceOrientationPortraitUpsideDown UIInterfaceOrientationLandscapeLeft UIInterfaceOrientationLandscapeRight";
				INFOPLIST_KEY_UISupportedInterfaceOrientations_iPhone = "UIInterfaceOrientationPortrait UIInterfaceOrientationLandscapeLeft UIInterfaceOrientationLandscapeRight";
				LD_RUNPATH_SEARCH_PATHS = (
					"$(inherited)",
					"@executable_path/Frameworks",
				);
				MARKETING_VERSION = 1.0;
				PRODUCT_BUNDLE_IDENTIFIER = com.ita.MultiScreenApp;
				PRODUCT_NAME = "$(TARGET_NAME)";
				SWIFT_EMIT_LOC_STRINGS = YES;
				SWIFT_VERSION = 5.0;
				TARGETED_DEVICE_FAMILY = "1,2";
			};
			name = Debug;
		};
		773D467B2734C07300B4B652 /* Release */ = {
			isa = XCBuildConfiguration;
			baseConfigurationReference = D468CCF9A9DBDF7A539F731F /* Pods-MultiScreenApp.release.xcconfig */;
			buildSettings = {
				ASSETCATALOG_COMPILER_APPICON_NAME = AppIcon;
				ASSETCATALOG_COMPILER_GLOBAL_ACCENT_COLOR_NAME = AccentColor;
				CODE_SIGN_STYLE = Automatic;
				CURRENT_PROJECT_VERSION = 1;
				GENERATE_INFOPLIST_FILE = YES;
				INFOPLIST_FILE = MultiScreenApp/Info.plist;
				INFOPLIST_KEY_UIApplicationSupportsIndirectInputEvents = YES;
				INFOPLIST_KEY_UILaunchStoryboardName = LaunchScreen;
				INFOPLIST_KEY_UIMainStoryboardFile = Main;
				INFOPLIST_KEY_UISupportedInterfaceOrientations_iPad = "UIInterfaceOrientationPortrait UIInterfaceOrientationPortraitUpsideDown UIInterfaceOrientationLandscapeLeft UIInterfaceOrientationLandscapeRight";
				INFOPLIST_KEY_UISupportedInterfaceOrientations_iPhone = "UIInterfaceOrientationPortrait UIInterfaceOrientationLandscapeLeft UIInterfaceOrientationLandscapeRight";
				LD_RUNPATH_SEARCH_PATHS = (
					"$(inherited)",
					"@executable_path/Frameworks",
				);
				MARKETING_VERSION = 1.0;
				PRODUCT_BUNDLE_IDENTIFIER = com.ita.MultiScreenApp;
				PRODUCT_NAME = "$(TARGET_NAME)";
				SWIFT_EMIT_LOC_STRINGS = YES;
				SWIFT_VERSION = 5.0;
				TARGETED_DEVICE_FAMILY = "1,2";
			};
			name = Release;
		};
/* End XCBuildConfiguration section */

/* Begin XCConfigurationList section */
		773D46602734C07000B4B652 /* Build configuration list for PBXProject "MultiScreenApp" */ = {
			isa = XCConfigurationList;
			buildConfigurations = (
				773D46772734C07300B4B652 /* Debug */,
				773D46782734C07300B4B652 /* Release */,
			);
			defaultConfigurationIsVisible = 0;
			defaultConfigurationName = Release;
		};
		773D46792734C07300B4B652 /* Build configuration list for PBXNativeTarget "MultiScreenApp" */ = {
			isa = XCConfigurationList;
			buildConfigurations = (
				773D467A2734C07300B4B652 /* Debug */,
				773D467B2734C07300B4B652 /* Release */,
			);
			defaultConfigurationIsVisible = 0;
			defaultConfigurationName = Release;
		};
/* End XCConfigurationList section */
	};
	rootObject = 773D465D2734C07000B4B652 /* Project object */;
}
